// !$*UTF8*$!
{
	archiveVersion = 1;
	classes = {
	};
	objectVersion = 46;
	objects = {

/* Begin PBXBuildFile section */
		A3C9C2959C23450F907C64EF /* libPods.a in Frameworks */ = {isa = PBXBuildFile; fileRef = B51341BED63B4BC580A5958B /* libPods.a */; };
		DB169A4C18E5F93400075319 /* contact_icon@2x.png in Resources */ = {isa = PBXBuildFile; fileRef = DB169A4B18E5F93400075319 /* contact_icon@2x.png */; };
		DB21FD9618BE16B80083F26C /* UIBarButtonItem+RightBarItem.m in Sources */ = {isa = PBXBuildFile; fileRef = DB21FD9518BE16B80083F26C /* UIBarButtonItem+RightBarItem.m */; };
		DB21FDAA18BE1B6E0083F26C /* ARSNavigationController.m in Sources */ = {isa = PBXBuildFile; fileRef = DB21FDA918BE1B6E0083F26C /* ARSNavigationController.m */; };
		DB38A69818E1908F00AA12AE /* ARSAlertManager.m in Sources */ = {isa = PBXBuildFile; fileRef = DB38A69718E1908F00AA12AE /* ARSAlertManager.m */; };
		DB4114A019019E5500740FF8 /* sign-in-with-facebook@2x.png in Resources */ = {isa = PBXBuildFile; fileRef = DB41149F19019E5500740FF8 /* sign-in-with-facebook@2x.png */; };
		DB4114A419019FA800740FF8 /* sign-in-with-facebook-highlighted@2x.png in Resources */ = {isa = PBXBuildFile; fileRef = DB4114A319019FA800740FF8 /* sign-in-with-facebook-highlighted@2x.png */; };
		DB4114A61901A26800740FF8 /* registerview@2x.png in Resources */ = {isa = PBXBuildFile; fileRef = DB4114A51901A26800740FF8 /* registerview@2x.png */; };
		DB43481918EDC7DC00CD310E /* NSDate+DayTest.m in Sources */ = {isa = PBXBuildFile; fileRef = DB43481818EDC7DC00CD310E /* NSDate+DayTest.m */; };
		DB43AE3E18DEDE7D00D56B4F /* ARSUserController.m in Sources */ = {isa = PBXBuildFile; fileRef = DB43AE3D18DEDE7D00D56B4F /* ARSUserController.m */; };
		DB53D31D18AE352400508DAD /* UIViewController+Edges.m in Sources */ = {isa = PBXBuildFile; fileRef = DB53D31C18AE352400508DAD /* UIViewController+Edges.m */; };
		DB53D32118AE595C00508DAD /* Clock.png in Resources */ = {isa = PBXBuildFile; fileRef = DB53D31F18AE595C00508DAD /* Clock.png */; };
		DB53D32218AE595C00508DAD /* Clock@2x.png in Resources */ = {isa = PBXBuildFile; fileRef = DB53D32018AE595C00508DAD /* Clock@2x.png */; };
		DB53D33018AEBCD300508DAD /* default_background.png in Resources */ = {isa = PBXBuildFile; fileRef = DB53D32D18AEBCD300508DAD /* default_background.png */; };
		DB53D33118AEBCD300508DAD /* default_background@2x.png in Resources */ = {isa = PBXBuildFile; fileRef = DB53D32E18AEBCD300508DAD /* default_background@2x.png */; };
		DB53D33218AEBCD300508DAD /* default_background568h@2x.png in Resources */ = {isa = PBXBuildFile; fileRef = DB53D32F18AEBCD300508DAD /* default_background568h@2x.png */; };
		DB59F48518FAC62200348BBF /* ARSCarousel.m in Sources */ = {isa = PBXBuildFile; fileRef = DB59F48418FAC62200348BBF /* ARSCarousel.m */; };
		DB59F48718FAC63000348BBF /* ARSCarousel.xib in Resources */ = {isa = PBXBuildFile; fileRef = DB59F48618FAC63000348BBF /* ARSCarousel.xib */; };
		DB59F48C18FAC6FF00348BBF /* ARSCarouselThumbnail.m in Sources */ = {isa = PBXBuildFile; fileRef = DB59F48B18FAC6FF00348BBF /* ARSCarouselThumbnail.m */; };
		DB59F48E18FAC72100348BBF /* ARSCarouselThumbnail.xib in Resources */ = {isa = PBXBuildFile; fileRef = DB59F48D18FAC72100348BBF /* ARSCarouselThumbnail.xib */; };
		DB5B3FDE1901D25D000EBB36 /* AppIcon120.png in Resources */ = {isa = PBXBuildFile; fileRef = DB5B3FDD1901D25D000EBB36 /* AppIcon120.png */; };
		DB5C7B8419025A3500E56ECD /* AppIcon58.png in Resources */ = {isa = PBXBuildFile; fileRef = DB5C7B8219025A3500E56ECD /* AppIcon58.png */; };
		DB5C7B8519025A3500E56ECD /* AppIcon80.png in Resources */ = {isa = PBXBuildFile; fileRef = DB5C7B8319025A3500E56ECD /* AppIcon80.png */; };
		DB5C7B8819029D0A00E56ECD /* Default@2x.png in Resources */ = {isa = PBXBuildFile; fileRef = DB5C7B8619029D0A00E56ECD /* Default@2x.png */; };
		DB5C7B8919029D0A00E56ECD /* Default-568h@2x.png in Resources */ = {isa = PBXBuildFile; fileRef = DB5C7B8719029D0A00E56ECD /* Default-568h@2x.png */; };
		DB5C7B8C1902E89A00E56ECD /* official_icon.png in Resources */ = {isa = PBXBuildFile; fileRef = DB5C7B8A1902E89A00E56ECD /* official_icon.png */; };
		DB5C7B8D1902E89A00E56ECD /* official_icon@2x.png in Resources */ = {isa = PBXBuildFile; fileRef = DB5C7B8B1902E89A00E56ECD /* official_icon@2x.png */; };
		DB5C7B901902EC2300E56ECD /* location_icon@2x.png in Resources */ = {isa = PBXBuildFile; fileRef = DB5C7B8E1902EC2300E56ECD /* location_icon@2x.png */; };
		DB5C7B911902EC2300E56ECD /* location_icon.png in Resources */ = {isa = PBXBuildFile; fileRef = DB5C7B8F1902EC2300E56ECD /* location_icon.png */; };
		DB5C7B96190304B500E56ECD /* logoutbutton.png in Resources */ = {isa = PBXBuildFile; fileRef = DB5C7B92190304B500E56ECD /* logoutbutton.png */; };
		DB5C7B97190304B500E56ECD /* locateme@2x.png in Resources */ = {isa = PBXBuildFile; fileRef = DB5C7B93190304B500E56ECD /* locateme@2x.png */; };
		DB5C7B98190304B500E56ECD /* locateme.png in Resources */ = {isa = PBXBuildFile; fileRef = DB5C7B94190304B500E56ECD /* locateme.png */; };
		DB5C7B99190304B500E56ECD /* logoutbutton@2x.png in Resources */ = {isa = PBXBuildFile; fileRef = DB5C7B95190304B500E56ECD /* logoutbutton@2x.png */; };
		DB6B312518A4337300C3EABB /* Foundation.framework in Frameworks */ = {isa = PBXBuildFile; fileRef = DB6B312418A4337300C3EABB /* Foundation.framework */; };
		DB6B312718A4337300C3EABB /* CoreGraphics.framework in Frameworks */ = {isa = PBXBuildFile; fileRef = DB6B312618A4337300C3EABB /* CoreGraphics.framework */; };
		DB6B312918A4337300C3EABB /* UIKit.framework in Frameworks */ = {isa = PBXBuildFile; fileRef = DB6B312818A4337300C3EABB /* UIKit.framework */; };
		DB6B312F18A4337300C3EABB /* InfoPlist.strings in Resources */ = {isa = PBXBuildFile; fileRef = DB6B312D18A4337300C3EABB /* InfoPlist.strings */; };
		DB6B313118A4337300C3EABB /* main.m in Sources */ = {isa = PBXBuildFile; fileRef = DB6B313018A4337300C3EABB /* main.m */; };
		DB6B313518A4337300C3EABB /* ARSAppDelegate.m in Sources */ = {isa = PBXBuildFile; fileRef = DB6B313418A4337300C3EABB /* ARSAppDelegate.m */; };
		DB6B313718A4337300C3EABB /* Images.xcassets in Resources */ = {isa = PBXBuildFile; fileRef = DB6B313618A4337300C3EABB /* Images.xcassets */; };
		DB6B313E18A4337400C3EABB /* XCTest.framework in Frameworks */ = {isa = PBXBuildFile; fileRef = DB6B313D18A4337400C3EABB /* XCTest.framework */; };
		DB6B313F18A4337400C3EABB /* Foundation.framework in Frameworks */ = {isa = PBXBuildFile; fileRef = DB6B312418A4337300C3EABB /* Foundation.framework */; };
		DB6B314018A4337400C3EABB /* UIKit.framework in Frameworks */ = {isa = PBXBuildFile; fileRef = DB6B312818A4337300C3EABB /* UIKit.framework */; };
		DB6B314818A4337400C3EABB /* InfoPlist.strings in Resources */ = {isa = PBXBuildFile; fileRef = DB6B314618A4337400C3EABB /* InfoPlist.strings */; };
		DB6B314A18A4337400C3EABB /* ArsfestTests.m in Sources */ = {isa = PBXBuildFile; fileRef = DB6B314918A4337400C3EABB /* ArsfestTests.m */; };
		DB6B315818A4343800C3EABB /* Parse.framework in Frameworks */ = {isa = PBXBuildFile; fileRef = DB6B315718A4343800C3EABB /* Parse.framework */; };
		DB6B315A18A4345700C3EABB /* AudioToolbox.framework in Frameworks */ = {isa = PBXBuildFile; fileRef = DB6B315918A4345700C3EABB /* AudioToolbox.framework */; };
		DB6B315C18A4346100C3EABB /* CFNetwork.framework in Frameworks */ = {isa = PBXBuildFile; fileRef = DB6B315B18A4346100C3EABB /* CFNetwork.framework */; };
		DB6B315E18A4347300C3EABB /* CoreLocation.framework in Frameworks */ = {isa = PBXBuildFile; fileRef = DB6B315D18A4347300C3EABB /* CoreLocation.framework */; };
		DB6B316018A4347800C3EABB /* libz.dylib in Frameworks */ = {isa = PBXBuildFile; fileRef = DB6B315F18A4347800C3EABB /* libz.dylib */; };
		DB6B316218A4348100C3EABB /* MobileCoreServices.framework in Frameworks */ = {isa = PBXBuildFile; fileRef = DB6B316118A4348100C3EABB /* MobileCoreServices.framework */; };
		DB6B316418A4348500C3EABB /* QuartzCore.framework in Frameworks */ = {isa = PBXBuildFile; fileRef = DB6B316318A4348500C3EABB /* QuartzCore.framework */; };
		DB6B316618A4348D00C3EABB /* Security.framework in Frameworks */ = {isa = PBXBuildFile; fileRef = DB6B316518A4348D00C3EABB /* Security.framework */; };
		DB6B316818A4349300C3EABB /* StoreKit.framework in Frameworks */ = {isa = PBXBuildFile; fileRef = DB6B316718A4349300C3EABB /* StoreKit.framework */; };
		DB6B316A18A4349B00C3EABB /* SystemConfiguration.framework in Frameworks */ = {isa = PBXBuildFile; fileRef = DB6B316918A4349B00C3EABB /* SystemConfiguration.framework */; };
		DB6B317418A43AD200C3EABB /* ARSLocation.m in Sources */ = {isa = PBXBuildFile; fileRef = DB6B317318A43AD200C3EABB /* ARSLocation.m */; };
		DB6B317718A43AE500C3EABB /* ARSEvent.m in Sources */ = {isa = PBXBuildFile; fileRef = DB6B317618A43AE500C3EABB /* ARSEvent.m */; };
		DB77EBD718DC56E400452E06 /* BackgroundIntroView-568h@2x.png in Resources */ = {isa = PBXBuildFile; fileRef = DB77EBD518DC56E400452E06 /* BackgroundIntroView-568h@2x.png */; };
		DB77EBD818DC56E400452E06 /* BackgroundIntroView@2x.png in Resources */ = {isa = PBXBuildFile; fileRef = DB77EBD618DC56E400452E06 /* BackgroundIntroView@2x.png */; };
		DB811D7718E6E0E800BB11E6 /* buildingmap@2x.png in Resources */ = {isa = PBXBuildFile; fileRef = DB811D7618E6E0E800BB11E6 /* buildingmap@2x.png */; };
		DB811D7A18E6F6E500BB11E6 /* close.png in Resources */ = {isa = PBXBuildFile; fileRef = DB811D7818E6F6E500BB11E6 /* close.png */; };
		DB811D7B18E6F6E500BB11E6 /* close@2x.png in Resources */ = {isa = PBXBuildFile; fileRef = DB811D7918E6F6E500BB11E6 /* close@2x.png */; };
		DB818DA018F9A9C5004C3845 /* MZTimerLabel.m in Sources */ = {isa = PBXBuildFile; fileRef = DB818D9F18F9A9C5004C3845 /* MZTimerLabel.m */; };
		DB8E941118A78B5900EF214F /* ARSHorizontalScrollingHeader.m in Sources */ = {isa = PBXBuildFile; fileRef = DB8E941018A78B5900EF214F /* ARSHorizontalScrollingHeader.m */; };
		DB96086918E5D87B00AC3B8B /* ARSFriendListCell.m in Sources */ = {isa = PBXBuildFile; fileRef = DB96086718E5D87B00AC3B8B /* ARSFriendListCell.m */; };
		DB96086A18E5D87B00AC3B8B /* ARSFriendListCell.xib in Resources */ = {isa = PBXBuildFile; fileRef = DB96086818E5D87B00AC3B8B /* ARSFriendListCell.xib */; };
		DB96086E18E5E12000AC3B8B /* AsyncImageView.m in Sources */ = {isa = PBXBuildFile; fileRef = DB96086D18E5E12000AC3B8B /* AsyncImageView.m */; };
		DB98729718AD748B00A085FE /* ARSEventCell.m in Sources */ = {isa = PBXBuildFile; fileRef = DB98729618AD748B00A085FE /* ARSEventCell.m */; };
		DB98729918AD74B500A085FE /* ARSEventCell.xib in Resources */ = {isa = PBXBuildFile; fileRef = DB98729818AD74B500A085FE /* ARSEventCell.xib */; };
		DB98729F18AD7EB000A085FE /* ARSEventViewController.m in Sources */ = {isa = PBXBuildFile; fileRef = DB98729D18AD7EB000A085FE /* ARSEventViewController.m */; };
		DB9872A018AD7EB000A085FE /* ARSEventViewController.xib in Resources */ = {isa = PBXBuildFile; fileRef = DB98729E18AD7EB000A085FE /* ARSEventViewController.xib */; };
		DB9872A418AD7F7500A085FE /* NSDate+Formatter.m in Sources */ = {isa = PBXBuildFile; fileRef = DB9872A318AD7F7500A085FE /* NSDate+Formatter.m */; };
		DB9D6E2C18F47CB000D76BA8 /* refresh.png in Resources */ = {isa = PBXBuildFile; fileRef = DB9D6E2A18F47CB000D76BA8 /* refresh.png */; };
		DB9D6E2D18F47CB000D76BA8 /* refresh@2x.png in Resources */ = {isa = PBXBuildFile; fileRef = DB9D6E2B18F47CB000D76BA8 /* refresh@2x.png */; };
		DBA50A2B18B7C6A0001C8AF1 /* dance_icon.png in Resources */ = {isa = PBXBuildFile; fileRef = DBA50A2518B7C6A0001C8AF1 /* dance_icon.png */; };
		DBA50A2C18B7C6A0001C8AF1 /* dance_icon@2x.png in Resources */ = {isa = PBXBuildFile; fileRef = DBA50A2618B7C6A0001C8AF1 /* dance_icon@2x.png */; };
		DBA50A2D18B7C6A0001C8AF1 /* food_icon.png in Resources */ = {isa = PBXBuildFile; fileRef = DBA50A2718B7C6A0001C8AF1 /* food_icon.png */; };
		DBA50A2E18B7C6A0001C8AF1 /* food_icon@2x.png in Resources */ = {isa = PBXBuildFile; fileRef = DBA50A2818B7C6A0001C8AF1 /* food_icon@2x.png */; };
		DBA50A2F18B7C6A0001C8AF1 /* music_icon.png in Resources */ = {isa = PBXBuildFile; fileRef = DBA50A2918B7C6A0001C8AF1 /* music_icon.png */; };
		DBA50A3018B7C6A0001C8AF1 /* music_icon@2x.png in Resources */ = {isa = PBXBuildFile; fileRef = DBA50A2A18B7C6A0001C8AF1 /* music_icon@2x.png */; };
		DBA50A3318B7C6C6001C8AF1 /* UIImage+Icon.m in Sources */ = {isa = PBXBuildFile; fileRef = DBA50A3218B7C6C6001C8AF1 /* UIImage+Icon.m */; };
		DBA8518D18DB7E86005E352E /* EAIntroPage.m in Sources */ = {isa = PBXBuildFile; fileRef = DBA8518A18DB7E86005E352E /* EAIntroPage.m */; };
		DBA8518E18DB7E86005E352E /* EAIntroView.m in Sources */ = {isa = PBXBuildFile; fileRef = DBA8518C18DB7E86005E352E /* EAIntroView.m */; };
		DBBEC19618A6DAC200212106 /* ARSEventListViewController.m in Sources */ = {isa = PBXBuildFile; fileRef = DBBEC19418A6DAC200212106 /* ARSEventListViewController.m */; };
		DBBEC19718A6DAC200212106 /* ARSEventListViewController.xib in Resources */ = {isa = PBXBuildFile; fileRef = DBBEC19518A6DAC200212106 /* ARSEventListViewController.xib */; };
		DBC83A6A18E2DE380047D269 /* ARSMapViewController.m in Sources */ = {isa = PBXBuildFile; fileRef = DBC83A6818E2DE380047D269 /* ARSMapViewController.m */; };
		DBC83A6B18E2DE380047D269 /* ARSMapViewController.xib in Resources */ = {isa = PBXBuildFile; fileRef = DBC83A6918E2DE380047D269 /* ARSMapViewController.xib */; };
		DBCCEA4418A5628200CC87AE /* FacebookSDK.framework in Frameworks */ = {isa = PBXBuildFile; fileRef = DBCCEA4318A5628200CC87AE /* FacebookSDK.framework */; };
		DBCCEA4B18A5723D00CC87AE /* ARSData.m in Sources */ = {isa = PBXBuildFile; fileRef = DBCCEA4A18A5723D00CC87AE /* ARSData.m */; };
		DBE009C918B78E22000B6DFE /* dinner.png in Resources */ = {isa = PBXBuildFile; fileRef = DBE009B918B78E22000B6DFE /* dinner.png */; };
		DBE009CA18B78E22000B6DFE /* dinner@2x.png in Resources */ = {isa = PBXBuildFile; fileRef = DBE009BA18B78E22000B6DFE /* dinner@2x.png */; };
		DBE009CB18B78E22000B6DFE /* dj.png in Resources */ = {isa = PBXBuildFile; fileRef = DBE009BB18B78E22000B6DFE /* dj.png */; };
		DBE009CC18B78E22000B6DFE /* dj@2x.png in Resources */ = {isa = PBXBuildFile; fileRef = DBE009BC18B78E22000B6DFE /* dj@2x.png */; };
		DBE009CD18B78E22000B6DFE /* jazzband.png in Resources */ = {isa = PBXBuildFile; fileRef = DBE009BD18B78E22000B6DFE /* jazzband.png */; };
		DBE009CE18B78E22000B6DFE /* jazzband@2x.png in Resources */ = {isa = PBXBuildFile; fileRef = DBE009BE18B78E22000B6DFE /* jazzband@2x.png */; };
		DBE009CF18B78E22000B6DFE /* leslanciers.png in Resources */ = {isa = PBXBuildFile; fileRef = DBE009BF18B78E22000B6DFE /* leslanciers.png */; };
		DBE009D018B78E22000B6DFE /* leslanciers@2x.png in Resources */ = {isa = PBXBuildFile; fileRef = DBE009C018B78E22000B6DFE /* leslanciers@2x.png */; };
		DBE009D118B78E22000B6DFE /* official.png in Resources */ = {isa = PBXBuildFile; fileRef = DBE009C118B78E22000B6DFE /* official.png */; };
		DBE009D218B78E22000B6DFE /* official@2x.png in Resources */ = {isa = PBXBuildFile; fileRef = DBE009C218B78E22000B6DFE /* official@2x.png */; };
		DBE009D318B78E22000B6DFE /* queenmachine.png in Resources */ = {isa = PBXBuildFile; fileRef = DBE009C318B78E22000B6DFE /* queenmachine.png */; };
		DBE009D418B78E22000B6DFE /* queenmachine@2x.png in Resources */ = {isa = PBXBuildFile; fileRef = DBE009C418B78E22000B6DFE /* queenmachine@2x.png */; };
		DBE009E518B79585000B6DFE /* UIView+Borders.m in Sources */ = {isa = PBXBuildFile; fileRef = DBE009E418B79585000B6DFE /* UIView+Borders.m */; };
		DBF6B0DD18EC316F0048605F /* ARSWifi.m in Sources */ = {isa = PBXBuildFile; fileRef = DBF6B0DC18EC316F0048605F /* ARSWifi.m */; };
		DBF6B0E018EC548B0048605F /* wifis.json in Resources */ = {isa = PBXBuildFile; fileRef = DBF6B0DF18EC548B0048605F /* wifis.json */; };
		DBF6B0E218EC54CA0048605F /* events.json in Resources */ = {isa = PBXBuildFile; fileRef = DBF6B0E118EC54CA0048605F /* events.json */; };
		E147EDFC19015ADF00C2D8B8 /* ARSInfoViewController.m in Sources */ = {isa = PBXBuildFile; fileRef = E147EDFB19015ADF00C2D8B8 /* ARSInfoViewController.m */; };
		E147EE0019015C0600C2D8B8 /* ARSInfoViewController.xib in Resources */ = {isa = PBXBuildFile; fileRef = E147EDFF19015C0600C2D8B8 /* ARSInfoViewController.xib */; };
		E147EE021901900500C2D8B8 /* question.png in Resources */ = {isa = PBXBuildFile; fileRef = E147EE011901900500C2D8B8 /* question.png */; };
		E147EE041901902900C2D8B8 /* question@2x.png in Resources */ = {isa = PBXBuildFile; fileRef = E147EE031901902900C2D8B8 /* question@2x.png */; };
		E1C3B77418FD3F3D00D6FC18 /* abbatizers.png in Resources */ = {isa = PBXBuildFile; fileRef = E1C3B77318FD3F3D00D6FC18 /* abbatizers.png */; };
		E1C3B77618FFC80800D6FC18 /* kaka.png in Resources */ = {isa = PBXBuildFile; fileRef = E1C3B77518FFC80800D6FC18 /* kaka.png */; };
		E1C3B77818FFC9B800D6FC18 /* carpark.png in Resources */ = {isa = PBXBuildFile; fileRef = E1C3B77718FFC9B800D6FC18 /* carpark.png */; };
		E1C3B77A18FFCA5400D6FC18 /* kongsted.png in Resources */ = {isa = PBXBuildFile; fileRef = E1C3B77918FFCA5400D6FC18 /* kongsted.png */; };
		E1C3B77C18FFCB3700D6FC18 /* jazz.png in Resources */ = {isa = PBXBuildFile; fileRef = E1C3B77B18FFCB3700D6FC18 /* jazz.png */; };
		E1C3B77E18FFCD6400D6FC18 /* salsa.png in Resources */ = {isa = PBXBuildFile; fileRef = E1C3B77D18FFCD6400D6FC18 /* salsa.png */; };
		E1C3B78018FFD07400D6FC18 /* zumba.png in Resources */ = {isa = PBXBuildFile; fileRef = E1C3B77F18FFD07400D6FC18 /* zumba.png */; };
		E1C3B78218FFD19D00D6FC18 /* waltz.png in Resources */ = {isa = PBXBuildFile; fileRef = E1C3B78118FFD19D00D6FC18 /* waltz.png */; };
		E1C3B78418FFD28400D6FC18 /* dtudance.png in Resources */ = {isa = PBXBuildFile; fileRef = E1C3B78318FFD28400D6FC18 /* dtudance.png */; };
		E1C3B78E18FFD4BD00D6FC18 /* abbatizers@2x.png in Resources */ = {isa = PBXBuildFile; fileRef = E1C3B78518FFD4BD00D6FC18 /* abbatizers@2x.png */; };
		E1C3B78F18FFD4BD00D6FC18 /* carpark@2x.png in Resources */ = {isa = PBXBuildFile; fileRef = E1C3B78618FFD4BD00D6FC18 /* carpark@2x.png */; };
		E1C3B79018FFD4BD00D6FC18 /* dtudance@2x.png in Resources */ = {isa = PBXBuildFile; fileRef = E1C3B78718FFD4BD00D6FC18 /* dtudance@2x.png */; };
		E1C3B79118FFD4BD00D6FC18 /* jazz@2x.png in Resources */ = {isa = PBXBuildFile; fileRef = E1C3B78818FFD4BD00D6FC18 /* jazz@2x.png */; };
		E1C3B79218FFD4BD00D6FC18 /* kaka@2x.png in Resources */ = {isa = PBXBuildFile; fileRef = E1C3B78918FFD4BD00D6FC18 /* kaka@2x.png */; };
		E1C3B79318FFD4BD00D6FC18 /* kongsted@2x.png in Resources */ = {isa = PBXBuildFile; fileRef = E1C3B78A18FFD4BD00D6FC18 /* kongsted@2x.png */; };
		E1C3B79418FFD4BD00D6FC18 /* salsa@2x.png in Resources */ = {isa = PBXBuildFile; fileRef = E1C3B78B18FFD4BD00D6FC18 /* salsa@2x.png */; };
		E1C3B79518FFD4BD00D6FC18 /* waltz@2x.png in Resources */ = {isa = PBXBuildFile; fileRef = E1C3B78C18FFD4BD00D6FC18 /* waltz@2x.png */; };
		E1C3B79618FFD4BD00D6FC18 /* zumba@2x.png in Resources */ = {isa = PBXBuildFile; fileRef = E1C3B78D18FFD4BD00D6FC18 /* zumba@2x.png */; };
		E1C3B7A21900444200D6FC18 /* ARSCarouselPartyInfo.m in Sources */ = {isa = PBXBuildFile; fileRef = E1C3B7A11900444200D6FC18 /* ARSCarouselPartyInfo.m */; };
		E1C3B7A51900448300D6FC18 /* ARSCarouselPartyInfo.xib in Resources */ = {isa = PBXBuildFile; fileRef = E1C3B7A41900448300D6FC18 /* ARSCarouselPartyInfo.xib */; };
/* End PBXBuildFile section */

/* Begin PBXContainerItemProxy section */
		DB6B314118A4337400C3EABB /* PBXContainerItemProxy */ = {
			isa = PBXContainerItemProxy;
			containerPortal = DB6B311918A4337300C3EABB /* Project object */;
			proxyType = 1;
			remoteGlobalIDString = DB6B312018A4337300C3EABB;
			remoteInfo = Arsfest;
		};
/* End PBXContainerItemProxy section */

/* Begin PBXFileReference section */
		79241BB9B33948DDAE553BAF /* Pods.xcconfig */ = {isa = PBXFileReference; includeInIndex = 1; lastKnownFileType = text.xcconfig; name = Pods.xcconfig; path = Pods/Pods.xcconfig; sourceTree = "<group>"; };
		B51341BED63B4BC580A5958B /* libPods.a */ = {isa = PBXFileReference; explicitFileType = archive.ar; includeInIndex = 0; path = libPods.a; sourceTree = BUILT_PRODUCTS_DIR; };
		DB169A4B18E5F93400075319 /* contact_icon@2x.png */ = {isa = PBXFileReference; lastKnownFileType = image.png; path = "contact_icon@2x.png"; sourceTree = "<group>"; };
		DB21FD9418BE16B80083F26C /* UIBarButtonItem+RightBarItem.h */ = {isa = PBXFileReference; fileEncoding = 4; lastKnownFileType = sourcecode.c.h; name = "UIBarButtonItem+RightBarItem.h"; path = "Utilities/UIBarButtonItem+RightBarItem.h"; sourceTree = "<group>"; };
		DB21FD9518BE16B80083F26C /* UIBarButtonItem+RightBarItem.m */ = {isa = PBXFileReference; fileEncoding = 4; lastKnownFileType = sourcecode.c.objc; name = "UIBarButtonItem+RightBarItem.m"; path = "Utilities/UIBarButtonItem+RightBarItem.m"; sourceTree = "<group>"; };
		DB21FDA818BE1B6E0083F26C /* ARSNavigationController.h */ = {isa = PBXFileReference; fileEncoding = 4; lastKnownFileType = sourcecode.c.h; name = ARSNavigationController.h; path = Utilities/ARSNavigationController.h; sourceTree = "<group>"; };
		DB21FDA918BE1B6E0083F26C /* ARSNavigationController.m */ = {isa = PBXFileReference; fileEncoding = 4; lastKnownFileType = sourcecode.c.objc; name = ARSNavigationController.m; path = Utilities/ARSNavigationController.m; sourceTree = "<group>"; };
		DB38A69618E1908F00AA12AE /* ARSAlertManager.h */ = {isa = PBXFileReference; fileEncoding = 4; lastKnownFileType = sourcecode.c.h; name = ARSAlertManager.h; path = Controllers/ARSAlertManager/ARSAlertManager.h; sourceTree = "<group>"; };
		DB38A69718E1908F00AA12AE /* ARSAlertManager.m */ = {isa = PBXFileReference; fileEncoding = 4; lastKnownFileType = sourcecode.c.objc; name = ARSAlertManager.m; path = Controllers/ARSAlertManager/ARSAlertManager.m; sourceTree = "<group>"; };
		DB41149F19019E5500740FF8 /* sign-in-with-facebook@2x.png */ = {isa = PBXFileReference; lastKnownFileType = image.png; path = "sign-in-with-facebook@2x.png"; sourceTree = "<group>"; };
		DB4114A319019FA800740FF8 /* sign-in-with-facebook-highlighted@2x.png */ = {isa = PBXFileReference; lastKnownFileType = image.png; path = "sign-in-with-facebook-highlighted@2x.png"; sourceTree = "<group>"; };
		DB4114A51901A26800740FF8 /* registerview@2x.png */ = {isa = PBXFileReference; lastKnownFileType = image.png; path = "registerview@2x.png"; sourceTree = "<group>"; };
		DB43481718EDC7DC00CD310E /* NSDate+DayTest.h */ = {isa = PBXFileReference; fileEncoding = 4; lastKnownFileType = sourcecode.c.h; path = "NSDate+DayTest.h"; sourceTree = "<group>"; };
		DB43481818EDC7DC00CD310E /* NSDate+DayTest.m */ = {isa = PBXFileReference; fileEncoding = 4; lastKnownFileType = sourcecode.c.objc; path = "NSDate+DayTest.m"; sourceTree = "<group>"; };
		DB43AE3C18DEDE7D00D56B4F /* ARSUserController.h */ = {isa = PBXFileReference; fileEncoding = 4; lastKnownFileType = sourcecode.c.h; name = ARSUserController.h; path = Controllers/ARSUserController/ARSUserController.h; sourceTree = "<group>"; };
		DB43AE3D18DEDE7D00D56B4F /* ARSUserController.m */ = {isa = PBXFileReference; fileEncoding = 4; lastKnownFileType = sourcecode.c.objc; name = ARSUserController.m; path = Controllers/ARSUserController/ARSUserController.m; sourceTree = "<group>"; };
		DB53D31B18AE352400508DAD /* UIViewController+Edges.h */ = {isa = PBXFileReference; fileEncoding = 4; lastKnownFileType = sourcecode.c.h; name = "UIViewController+Edges.h"; path = "Utilities/UIViewController+Edges.h"; sourceTree = "<group>"; };
		DB53D31C18AE352400508DAD /* UIViewController+Edges.m */ = {isa = PBXFileReference; fileEncoding = 4; lastKnownFileType = sourcecode.c.objc; name = "UIViewController+Edges.m"; path = "Utilities/UIViewController+Edges.m"; sourceTree = "<group>"; };
		DB53D31F18AE595C00508DAD /* Clock.png */ = {isa = PBXFileReference; lastKnownFileType = image.png; path = Clock.png; sourceTree = "<group>"; };
		DB53D32018AE595C00508DAD /* Clock@2x.png */ = {isa = PBXFileReference; lastKnownFileType = image.png; path = "Clock@2x.png"; sourceTree = "<group>"; };
		DB53D32D18AEBCD300508DAD /* default_background.png */ = {isa = PBXFileReference; lastKnownFileType = image.png; path = default_background.png; sourceTree = "<group>"; };
		DB53D32E18AEBCD300508DAD /* default_background@2x.png */ = {isa = PBXFileReference; lastKnownFileType = image.png; path = "default_background@2x.png"; sourceTree = "<group>"; };
		DB53D32F18AEBCD300508DAD /* default_background568h@2x.png */ = {isa = PBXFileReference; lastKnownFileType = image.png; path = "default_background568h@2x.png"; sourceTree = "<group>"; };
		DB59F48318FAC62200348BBF /* ARSCarousel.h */ = {isa = PBXFileReference; fileEncoding = 4; lastKnownFileType = sourcecode.c.h; path = ARSCarousel.h; sourceTree = "<group>"; };
		DB59F48418FAC62200348BBF /* ARSCarousel.m */ = {isa = PBXFileReference; fileEncoding = 4; lastKnownFileType = sourcecode.c.objc; path = ARSCarousel.m; sourceTree = "<group>"; };
		DB59F48618FAC63000348BBF /* ARSCarousel.xib */ = {isa = PBXFileReference; fileEncoding = 4; lastKnownFileType = file.xib; path = ARSCarousel.xib; sourceTree = "<group>"; };
		DB59F48A18FAC6FF00348BBF /* ARSCarouselThumbnail.h */ = {isa = PBXFileReference; fileEncoding = 4; lastKnownFileType = sourcecode.c.h; path = ARSCarouselThumbnail.h; sourceTree = "<group>"; };
		DB59F48B18FAC6FF00348BBF /* ARSCarouselThumbnail.m */ = {isa = PBXFileReference; fileEncoding = 4; lastKnownFileType = sourcecode.c.objc; path = ARSCarouselThumbnail.m; sourceTree = "<group>"; };
		DB59F48D18FAC72100348BBF /* ARSCarouselThumbnail.xib */ = {isa = PBXFileReference; fileEncoding = 4; lastKnownFileType = file.xib; path = ARSCarouselThumbnail.xib; sourceTree = "<group>"; };
		DB5B3FDD1901D25D000EBB36 /* AppIcon120.png */ = {isa = PBXFileReference; lastKnownFileType = image.png; path = AppIcon120.png; sourceTree = "<group>"; };
		DB5C7B8219025A3500E56ECD /* AppIcon58.png */ = {isa = PBXFileReference; lastKnownFileType = image.png; path = AppIcon58.png; sourceTree = "<group>"; };
		DB5C7B8319025A3500E56ECD /* AppIcon80.png */ = {isa = PBXFileReference; lastKnownFileType = image.png; path = AppIcon80.png; sourceTree = "<group>"; };
		DB5C7B8619029D0A00E56ECD /* Default@2x.png */ = {isa = PBXFileReference; lastKnownFileType = image.png; path = "Default@2x.png"; sourceTree = "<group>"; };
		DB5C7B8719029D0A00E56ECD /* Default-568h@2x.png */ = {isa = PBXFileReference; lastKnownFileType = image.png; path = "Default-568h@2x.png"; sourceTree = "<group>"; };
		DB5C7B8A1902E89A00E56ECD /* official_icon.png */ = {isa = PBXFileReference; lastKnownFileType = image.png; path = official_icon.png; sourceTree = "<group>"; };
		DB5C7B8B1902E89A00E56ECD /* official_icon@2x.png */ = {isa = PBXFileReference; lastKnownFileType = image.png; path = "official_icon@2x.png"; sourceTree = "<group>"; };
		DB5C7B8E1902EC2300E56ECD /* location_icon@2x.png */ = {isa = PBXFileReference; lastKnownFileType = image.png; path = "location_icon@2x.png"; sourceTree = "<group>"; };
		DB5C7B8F1902EC2300E56ECD /* location_icon.png */ = {isa = PBXFileReference; lastKnownFileType = image.png; path = location_icon.png; sourceTree = "<group>"; };
		DB5C7B92190304B500E56ECD /* logoutbutton.png */ = {isa = PBXFileReference; lastKnownFileType = image.png; path = logoutbutton.png; sourceTree = "<group>"; };
		DB5C7B93190304B500E56ECD /* locateme@2x.png */ = {isa = PBXFileReference; lastKnownFileType = image.png; path = "locateme@2x.png"; sourceTree = "<group>"; };
		DB5C7B94190304B500E56ECD /* locateme.png */ = {isa = PBXFileReference; lastKnownFileType = image.png; path = locateme.png; sourceTree = "<group>"; };
		DB5C7B95190304B500E56ECD /* logoutbutton@2x.png */ = {isa = PBXFileReference; lastKnownFileType = image.png; path = "logoutbutton@2x.png"; sourceTree = "<group>"; };
		DB6B312118A4337300C3EABB /* Arsfest.app */ = {isa = PBXFileReference; explicitFileType = wrapper.application; includeInIndex = 0; path = Arsfest.app; sourceTree = BUILT_PRODUCTS_DIR; };
		DB6B312418A4337300C3EABB /* Foundation.framework */ = {isa = PBXFileReference; lastKnownFileType = wrapper.framework; name = Foundation.framework; path = System/Library/Frameworks/Foundation.framework; sourceTree = SDKROOT; };
		DB6B312618A4337300C3EABB /* CoreGraphics.framework */ = {isa = PBXFileReference; lastKnownFileType = wrapper.framework; name = CoreGraphics.framework; path = System/Library/Frameworks/CoreGraphics.framework; sourceTree = SDKROOT; };
		DB6B312818A4337300C3EABB /* UIKit.framework */ = {isa = PBXFileReference; lastKnownFileType = wrapper.framework; name = UIKit.framework; path = System/Library/Frameworks/UIKit.framework; sourceTree = SDKROOT; };
		DB6B312C18A4337300C3EABB /* Arsfest-Info.plist */ = {isa = PBXFileReference; lastKnownFileType = text.plist.xml; path = "Arsfest-Info.plist"; sourceTree = "<group>"; };
		DB6B312E18A4337300C3EABB /* en */ = {isa = PBXFileReference; lastKnownFileType = text.plist.strings; name = en; path = en.lproj/InfoPlist.strings; sourceTree = "<group>"; };
		DB6B313018A4337300C3EABB /* main.m */ = {isa = PBXFileReference; lastKnownFileType = sourcecode.c.objc; path = main.m; sourceTree = "<group>"; };
		DB6B313218A4337300C3EABB /* Arsfest-Prefix.pch */ = {isa = PBXFileReference; lastKnownFileType = sourcecode.c.h; path = "Arsfest-Prefix.pch"; sourceTree = "<group>"; };
		DB6B313318A4337300C3EABB /* ARSAppDelegate.h */ = {isa = PBXFileReference; lastKnownFileType = sourcecode.c.h; path = ARSAppDelegate.h; sourceTree = "<group>"; };
		DB6B313418A4337300C3EABB /* ARSAppDelegate.m */ = {isa = PBXFileReference; lastKnownFileType = sourcecode.c.objc; path = ARSAppDelegate.m; sourceTree = "<group>"; };
		DB6B313618A4337300C3EABB /* Images.xcassets */ = {isa = PBXFileReference; lastKnownFileType = folder.assetcatalog; path = Images.xcassets; sourceTree = "<group>"; };
		DB6B313C18A4337400C3EABB /* ArsfestTests.xctest */ = {isa = PBXFileReference; explicitFileType = wrapper.cfbundle; includeInIndex = 0; path = ArsfestTests.xctest; sourceTree = BUILT_PRODUCTS_DIR; };
		DB6B313D18A4337400C3EABB /* XCTest.framework */ = {isa = PBXFileReference; lastKnownFileType = wrapper.framework; name = XCTest.framework; path = Library/Frameworks/XCTest.framework; sourceTree = DEVELOPER_DIR; };
		DB6B314518A4337400C3EABB /* ArsfestTests-Info.plist */ = {isa = PBXFileReference; lastKnownFileType = text.plist.xml; path = "ArsfestTests-Info.plist"; sourceTree = "<group>"; };
		DB6B314718A4337400C3EABB /* en */ = {isa = PBXFileReference; lastKnownFileType = text.plist.strings; name = en; path = en.lproj/InfoPlist.strings; sourceTree = "<group>"; };
		DB6B314918A4337400C3EABB /* ArsfestTests.m */ = {isa = PBXFileReference; lastKnownFileType = sourcecode.c.objc; path = ArsfestTests.m; sourceTree = "<group>"; };
		DB6B315718A4343800C3EABB /* Parse.framework */ = {isa = PBXFileReference; lastKnownFileType = wrapper.framework; path = Parse.framework; sourceTree = "<group>"; };
		DB6B315918A4345700C3EABB /* AudioToolbox.framework */ = {isa = PBXFileReference; lastKnownFileType = wrapper.framework; name = AudioToolbox.framework; path = System/Library/Frameworks/AudioToolbox.framework; sourceTree = SDKROOT; };
		DB6B315B18A4346100C3EABB /* CFNetwork.framework */ = {isa = PBXFileReference; lastKnownFileType = wrapper.framework; name = CFNetwork.framework; path = System/Library/Frameworks/CFNetwork.framework; sourceTree = SDKROOT; };
		DB6B315D18A4347300C3EABB /* CoreLocation.framework */ = {isa = PBXFileReference; lastKnownFileType = wrapper.framework; name = CoreLocation.framework; path = System/Library/Frameworks/CoreLocation.framework; sourceTree = SDKROOT; };
		DB6B315F18A4347800C3EABB /* libz.dylib */ = {isa = PBXFileReference; lastKnownFileType = "compiled.mach-o.dylib"; name = libz.dylib; path = usr/lib/libz.dylib; sourceTree = SDKROOT; };
		DB6B316118A4348100C3EABB /* MobileCoreServices.framework */ = {isa = PBXFileReference; lastKnownFileType = wrapper.framework; name = MobileCoreServices.framework; path = System/Library/Frameworks/MobileCoreServices.framework; sourceTree = SDKROOT; };
		DB6B316318A4348500C3EABB /* QuartzCore.framework */ = {isa = PBXFileReference; lastKnownFileType = wrapper.framework; name = QuartzCore.framework; path = System/Library/Frameworks/QuartzCore.framework; sourceTree = SDKROOT; };
		DB6B316518A4348D00C3EABB /* Security.framework */ = {isa = PBXFileReference; lastKnownFileType = wrapper.framework; name = Security.framework; path = System/Library/Frameworks/Security.framework; sourceTree = SDKROOT; };
		DB6B316718A4349300C3EABB /* StoreKit.framework */ = {isa = PBXFileReference; lastKnownFileType = wrapper.framework; name = StoreKit.framework; path = System/Library/Frameworks/StoreKit.framework; sourceTree = SDKROOT; };
		DB6B316918A4349B00C3EABB /* SystemConfiguration.framework */ = {isa = PBXFileReference; lastKnownFileType = wrapper.framework; name = SystemConfiguration.framework; path = System/Library/Frameworks/SystemConfiguration.framework; sourceTree = SDKROOT; };
		DB6B317218A43AD200C3EABB /* ARSLocation.h */ = {isa = PBXFileReference; fileEncoding = 4; lastKnownFileType = sourcecode.c.h; name = ARSLocation.h; path = Model/ARSLocation/ARSLocation.h; sourceTree = "<group>"; };
		DB6B317318A43AD200C3EABB /* ARSLocation.m */ = {isa = PBXFileReference; fileEncoding = 4; lastKnownFileType = sourcecode.c.objc; name = ARSLocation.m; path = Model/ARSLocation/ARSLocation.m; sourceTree = "<group>"; };
		DB6B317518A43AE500C3EABB /* ARSEvent.h */ = {isa = PBXFileReference; fileEncoding = 4; lastKnownFileType = sourcecode.c.h; name = ARSEvent.h; path = Model/ARSEvent/ARSEvent.h; sourceTree = "<group>"; };
		DB6B317618A43AE500C3EABB /* ARSEvent.m */ = {isa = PBXFileReference; fileEncoding = 4; lastKnownFileType = sourcecode.c.objc; name = ARSEvent.m; path = Model/ARSEvent/ARSEvent.m; sourceTree = "<group>"; };
		DB77EBD518DC56E400452E06 /* BackgroundIntroView-568h@2x.png */ = {isa = PBXFileReference; lastKnownFileType = image.png; path = "BackgroundIntroView-568h@2x.png"; sourceTree = "<group>"; };
		DB77EBD618DC56E400452E06 /* BackgroundIntroView@2x.png */ = {isa = PBXFileReference; lastKnownFileType = image.png; path = "BackgroundIntroView@2x.png"; sourceTree = "<group>"; };
		DB811D7618E6E0E800BB11E6 /* buildingmap@2x.png */ = {isa = PBXFileReference; lastKnownFileType = image.png; path = "buildingmap@2x.png"; sourceTree = "<group>"; };
		DB811D7818E6F6E500BB11E6 /* close.png */ = {isa = PBXFileReference; lastKnownFileType = image.png; path = close.png; sourceTree = "<group>"; };
		DB811D7918E6F6E500BB11E6 /* close@2x.png */ = {isa = PBXFileReference; lastKnownFileType = image.png; path = "close@2x.png"; sourceTree = "<group>"; };
		DB818D9E18F9A9C5004C3845 /* MZTimerLabel.h */ = {isa = PBXFileReference; fileEncoding = 4; lastKnownFileType = sourcecode.c.h; path = MZTimerLabel.h; sourceTree = "<group>"; };
		DB818D9F18F9A9C5004C3845 /* MZTimerLabel.m */ = {isa = PBXFileReference; fileEncoding = 4; lastKnownFileType = sourcecode.c.objc; path = MZTimerLabel.m; sourceTree = "<group>"; };
		DB8E940F18A78B5900EF214F /* ARSHorizontalScrollingHeader.h */ = {isa = PBXFileReference; fileEncoding = 4; lastKnownFileType = sourcecode.c.h; name = ARSHorizontalScrollingHeader.h; path = GuiComponents/ARSHorizontalScrollingMenu/ARSHorizontalScrollingHeader.h; sourceTree = "<group>"; };
		DB8E941018A78B5900EF214F /* ARSHorizontalScrollingHeader.m */ = {isa = PBXFileReference; fileEncoding = 4; lastKnownFileType = sourcecode.c.objc; name = ARSHorizontalScrollingHeader.m; path = GuiComponents/ARSHorizontalScrollingMenu/ARSHorizontalScrollingHeader.m; sourceTree = "<group>"; };
		DB8F53E618B66CA1006625C9 /* ARSGlobals.h */ = {isa = PBXFileReference; fileEncoding = 4; lastKnownFileType = sourcecode.c.h; name = ARSGlobals.h; path = Utilities/ARSGlobals.h; sourceTree = "<group>"; };
		DB96086618E5D87B00AC3B8B /* ARSFriendListCell.h */ = {isa = PBXFileReference; fileEncoding = 4; lastKnownFileType = sourcecode.c.h; name = ARSFriendListCell.h; path = ViewControllers/ARSMapViewController/ARSFriendListCell/ARSFriendListCell.h; sourceTree = "<group>"; };
		DB96086718E5D87B00AC3B8B /* ARSFriendListCell.m */ = {isa = PBXFileReference; fileEncoding = 4; lastKnownFileType = sourcecode.c.objc; name = ARSFriendListCell.m; path = ViewControllers/ARSMapViewController/ARSFriendListCell/ARSFriendListCell.m; sourceTree = "<group>"; };
		DB96086818E5D87B00AC3B8B /* ARSFriendListCell.xib */ = {isa = PBXFileReference; fileEncoding = 4; lastKnownFileType = file.xib; name = ARSFriendListCell.xib; path = ViewControllers/ARSMapViewController/ARSFriendListCell/ARSFriendListCell.xib; sourceTree = "<group>"; };
		DB96086C18E5E12000AC3B8B /* AsyncImageView.h */ = {isa = PBXFileReference; fileEncoding = 4; lastKnownFileType = sourcecode.c.h; path = AsyncImageView.h; sourceTree = "<group>"; };
		DB96086D18E5E12000AC3B8B /* AsyncImageView.m */ = {isa = PBXFileReference; fileEncoding = 4; lastKnownFileType = sourcecode.c.objc; path = AsyncImageView.m; sourceTree = "<group>"; };
		DB98729518AD748B00A085FE /* ARSEventCell.h */ = {isa = PBXFileReference; fileEncoding = 4; lastKnownFileType = sourcecode.c.h; name = ARSEventCell.h; path = ViewControllers/ARSEventListViewController/ARSEventCell/ARSEventCell.h; sourceTree = "<group>"; };
		DB98729618AD748B00A085FE /* ARSEventCell.m */ = {isa = PBXFileReference; fileEncoding = 4; lastKnownFileType = sourcecode.c.objc; name = ARSEventCell.m; path = ViewControllers/ARSEventListViewController/ARSEventCell/ARSEventCell.m; sourceTree = "<group>"; };
		DB98729818AD74B500A085FE /* ARSEventCell.xib */ = {isa = PBXFileReference; fileEncoding = 4; lastKnownFileType = file.xib; path = ARSEventCell.xib; sourceTree = "<group>"; };
		DB98729C18AD7EB000A085FE /* ARSEventViewController.h */ = {isa = PBXFileReference; fileEncoding = 4; lastKnownFileType = sourcecode.c.h; name = ARSEventViewController.h; path = ViewControllers/ARSEventViewController/ARSEventViewController.h; sourceTree = "<group>"; };
		DB98729D18AD7EB000A085FE /* ARSEventViewController.m */ = {isa = PBXFileReference; fileEncoding = 4; lastKnownFileType = sourcecode.c.objc; name = ARSEventViewController.m; path = ViewControllers/ARSEventViewController/ARSEventViewController.m; sourceTree = "<group>"; };
		DB98729E18AD7EB000A085FE /* ARSEventViewController.xib */ = {isa = PBXFileReference; fileEncoding = 4; lastKnownFileType = file.xib; name = ARSEventViewController.xib; path = ViewControllers/ARSEventViewController/ARSEventViewController.xib; sourceTree = "<group>"; };
		DB9872A218AD7F7500A085FE /* NSDate+Formatter.h */ = {isa = PBXFileReference; fileEncoding = 4; lastKnownFileType = sourcecode.c.h; name = "NSDate+Formatter.h"; path = "Utilities/NSDate+Formatter.h"; sourceTree = "<group>"; };
		DB9872A318AD7F7500A085FE /* NSDate+Formatter.m */ = {isa = PBXFileReference; fileEncoding = 4; lastKnownFileType = sourcecode.c.objc; name = "NSDate+Formatter.m"; path = "Utilities/NSDate+Formatter.m"; sourceTree = "<group>"; };
		DB9D6E2A18F47CB000D76BA8 /* refresh.png */ = {isa = PBXFileReference; lastKnownFileType = image.png; path = refresh.png; sourceTree = "<group>"; };
		DB9D6E2B18F47CB000D76BA8 /* refresh@2x.png */ = {isa = PBXFileReference; lastKnownFileType = image.png; path = "refresh@2x.png"; sourceTree = "<group>"; };
		DBA50A2518B7C6A0001C8AF1 /* dance_icon.png */ = {isa = PBXFileReference; lastKnownFileType = image.png; path = dance_icon.png; sourceTree = "<group>"; };
		DBA50A2618B7C6A0001C8AF1 /* dance_icon@2x.png */ = {isa = PBXFileReference; lastKnownFileType = image.png; path = "dance_icon@2x.png"; sourceTree = "<group>"; };
		DBA50A2718B7C6A0001C8AF1 /* food_icon.png */ = {isa = PBXFileReference; lastKnownFileType = image.png; path = food_icon.png; sourceTree = "<group>"; };
		DBA50A2818B7C6A0001C8AF1 /* food_icon@2x.png */ = {isa = PBXFileReference; lastKnownFileType = image.png; path = "food_icon@2x.png"; sourceTree = "<group>"; };
		DBA50A2918B7C6A0001C8AF1 /* music_icon.png */ = {isa = PBXFileReference; lastKnownFileType = image.png; path = music_icon.png; sourceTree = "<group>"; };
		DBA50A2A18B7C6A0001C8AF1 /* music_icon@2x.png */ = {isa = PBXFileReference; lastKnownFileType = image.png; path = "music_icon@2x.png"; sourceTree = "<group>"; };
		DBA50A3118B7C6C6001C8AF1 /* UIImage+Icon.h */ = {isa = PBXFileReference; fileEncoding = 4; lastKnownFileType = sourcecode.c.h; name = "UIImage+Icon.h"; path = "Utilities/UIImage+Icon.h"; sourceTree = "<group>"; };
		DBA50A3218B7C6C6001C8AF1 /* UIImage+Icon.m */ = {isa = PBXFileReference; fileEncoding = 4; lastKnownFileType = sourcecode.c.objc; name = "UIImage+Icon.m"; path = "Utilities/UIImage+Icon.m"; sourceTree = "<group>"; };
		DBA8518918DB7E86005E352E /* EAIntroPage.h */ = {isa = PBXFileReference; fileEncoding = 4; lastKnownFileType = sourcecode.c.h; name = EAIntroPage.h; path = Utilities/EAIntroView/EAIntroPage.h; sourceTree = "<group>"; };
		DBA8518A18DB7E86005E352E /* EAIntroPage.m */ = {isa = PBXFileReference; fileEncoding = 4; lastKnownFileType = sourcecode.c.objc; name = EAIntroPage.m; path = Utilities/EAIntroView/EAIntroPage.m; sourceTree = "<group>"; };
		DBA8518B18DB7E86005E352E /* EAIntroView.h */ = {isa = PBXFileReference; fileEncoding = 4; lastKnownFileType = sourcecode.c.h; name = EAIntroView.h; path = Utilities/EAIntroView/EAIntroView.h; sourceTree = "<group>"; };
		DBA8518C18DB7E86005E352E /* EAIntroView.m */ = {isa = PBXFileReference; fileEncoding = 4; lastKnownFileType = sourcecode.c.objc; name = EAIntroView.m; path = Utilities/EAIntroView/EAIntroView.m; sourceTree = "<group>"; };
		DBBEC19318A6DAC200212106 /* ARSEventListViewController.h */ = {isa = PBXFileReference; fileEncoding = 4; lastKnownFileType = sourcecode.c.h; name = ARSEventListViewController.h; path = ViewControllers/ARSEventListViewController/ARSEventListViewController.h; sourceTree = "<group>"; };
		DBBEC19418A6DAC200212106 /* ARSEventListViewController.m */ = {isa = PBXFileReference; fileEncoding = 4; lastKnownFileType = sourcecode.c.objc; name = ARSEventListViewController.m; path = ViewControllers/ARSEventListViewController/ARSEventListViewController.m; sourceTree = "<group>"; };
		DBBEC19518A6DAC200212106 /* ARSEventListViewController.xib */ = {isa = PBXFileReference; fileEncoding = 4; lastKnownFileType = file.xib; name = ARSEventListViewController.xib; path = ViewControllers/ARSEventListViewController/ARSEventListViewController.xib; sourceTree = "<group>"; };
		DBC83A6718E2DE380047D269 /* ARSMapViewController.h */ = {isa = PBXFileReference; fileEncoding = 4; lastKnownFileType = sourcecode.c.h; name = ARSMapViewController.h; path = ViewControllers/ARSMapViewController/ARSMapViewController.h; sourceTree = "<group>"; };
		DBC83A6818E2DE380047D269 /* ARSMapViewController.m */ = {isa = PBXFileReference; fileEncoding = 4; lastKnownFileType = sourcecode.c.objc; name = ARSMapViewController.m; path = ViewControllers/ARSMapViewController/ARSMapViewController.m; sourceTree = "<group>"; };
		DBC83A6918E2DE380047D269 /* ARSMapViewController.xib */ = {isa = PBXFileReference; fileEncoding = 4; lastKnownFileType = file.xib; name = ARSMapViewController.xib; path = ViewControllers/ARSMapViewController/ARSMapViewController.xib; sourceTree = "<group>"; };
		DBCCEA4318A5628200CC87AE /* FacebookSDK.framework */ = {isa = PBXFileReference; lastKnownFileType = wrapper.framework; path = FacebookSDK.framework; sourceTree = "<group>"; };
		DBCCEA4918A5723D00CC87AE /* ARSData.h */ = {isa = PBXFileReference; fileEncoding = 4; lastKnownFileType = sourcecode.c.h; name = ARSData.h; path = Model/ARSData/ARSData.h; sourceTree = "<group>"; };
		DBCCEA4A18A5723D00CC87AE /* ARSData.m */ = {isa = PBXFileReference; fileEncoding = 4; lastKnownFileType = sourcecode.c.objc; name = ARSData.m; path = Model/ARSData/ARSData.m; sourceTree = "<group>"; };
		DBE009B918B78E22000B6DFE /* dinner.png */ = {isa = PBXFileReference; lastKnownFileType = image.png; path = dinner.png; sourceTree = "<group>"; };
		DBE009BA18B78E22000B6DFE /* dinner@2x.png */ = {isa = PBXFileReference; lastKnownFileType = image.png; path = "dinner@2x.png"; sourceTree = "<group>"; };
		DBE009BB18B78E22000B6DFE /* dj.png */ = {isa = PBXFileReference; lastKnownFileType = image.png; path = dj.png; sourceTree = "<group>"; };
		DBE009BC18B78E22000B6DFE /* dj@2x.png */ = {isa = PBXFileReference; lastKnownFileType = image.png; path = "dj@2x.png"; sourceTree = "<group>"; };
		DBE009BD18B78E22000B6DFE /* jazzband.png */ = {isa = PBXFileReference; lastKnownFileType = image.png; path = jazzband.png; sourceTree = "<group>"; };
		DBE009BE18B78E22000B6DFE /* jazzband@2x.png */ = {isa = PBXFileReference; lastKnownFileType = image.png; path = "jazzband@2x.png"; sourceTree = "<group>"; };
		DBE009BF18B78E22000B6DFE /* leslanciers.png */ = {isa = PBXFileReference; lastKnownFileType = image.png; path = leslanciers.png; sourceTree = "<group>"; };
		DBE009C018B78E22000B6DFE /* leslanciers@2x.png */ = {isa = PBXFileReference; lastKnownFileType = image.png; path = "leslanciers@2x.png"; sourceTree = "<group>"; };
		DBE009C118B78E22000B6DFE /* official.png */ = {isa = PBXFileReference; lastKnownFileType = image.png; path = official.png; sourceTree = "<group>"; };
		DBE009C218B78E22000B6DFE /* official@2x.png */ = {isa = PBXFileReference; lastKnownFileType = image.png; path = "official@2x.png"; sourceTree = "<group>"; };
		DBE009C318B78E22000B6DFE /* queenmachine.png */ = {isa = PBXFileReference; lastKnownFileType = image.png; path = queenmachine.png; sourceTree = "<group>"; };
		DBE009C418B78E22000B6DFE /* queenmachine@2x.png */ = {isa = PBXFileReference; lastKnownFileType = image.png; path = "queenmachine@2x.png"; sourceTree = "<group>"; };
		DBE009E318B79585000B6DFE /* UIView+Borders.h */ = {isa = PBXFileReference; fileEncoding = 4; lastKnownFileType = sourcecode.c.h; name = "UIView+Borders.h"; path = "Utilities/UIView+Borders.h"; sourceTree = "<group>"; };
		DBE009E418B79585000B6DFE /* UIView+Borders.m */ = {isa = PBXFileReference; fileEncoding = 4; lastKnownFileType = sourcecode.c.objc; name = "UIView+Borders.m"; path = "Utilities/UIView+Borders.m"; sourceTree = "<group>"; };
		DBF6B0DB18EC316F0048605F /* ARSWifi.h */ = {isa = PBXFileReference; fileEncoding = 4; lastKnownFileType = sourcecode.c.h; name = ARSWifi.h; path = Model/ARSWifi/ARSWifi.h; sourceTree = "<group>"; };
		DBF6B0DC18EC316F0048605F /* ARSWifi.m */ = {isa = PBXFileReference; fileEncoding = 4; lastKnownFileType = sourcecode.c.objc; name = ARSWifi.m; path = Model/ARSWifi/ARSWifi.m; sourceTree = "<group>"; };
		DBF6B0DF18EC548B0048605F /* wifis.json */ = {isa = PBXFileReference; fileEncoding = 4; lastKnownFileType = text.json; path = wifis.json; sourceTree = "<group>"; };
		DBF6B0E118EC54CA0048605F /* events.json */ = {isa = PBXFileReference; fileEncoding = 4; lastKnownFileType = text.json; path = events.json; sourceTree = "<group>"; };
		E147EDFA19015ADF00C2D8B8 /* ARSInfoViewController.h */ = {isa = PBXFileReference; fileEncoding = 4; lastKnownFileType = sourcecode.c.h; path = ARSInfoViewController.h; sourceTree = "<group>"; };
		E147EDFB19015ADF00C2D8B8 /* ARSInfoViewController.m */ = {isa = PBXFileReference; fileEncoding = 4; lastKnownFileType = sourcecode.c.objc; path = ARSInfoViewController.m; sourceTree = "<group>"; };
		E147EDFF19015C0600C2D8B8 /* ARSInfoViewController.xib */ = {isa = PBXFileReference; fileEncoding = 4; lastKnownFileType = file.xib; path = ARSInfoViewController.xib; sourceTree = "<group>"; };
		E147EE011901900500C2D8B8 /* question.png */ = {isa = PBXFileReference; lastKnownFileType = image.png; path = question.png; sourceTree = "<group>"; };
		E147EE031901902900C2D8B8 /* question@2x.png */ = {isa = PBXFileReference; lastKnownFileType = image.png; path = "question@2x.png"; sourceTree = "<group>"; };
		E1C3B77318FD3F3D00D6FC18 /* abbatizers.png */ = {isa = PBXFileReference; lastKnownFileType = image.png; path = abbatizers.png; sourceTree = "<group>"; };
		E1C3B77518FFC80800D6FC18 /* kaka.png */ = {isa = PBXFileReference; lastKnownFileType = image.png; path = kaka.png; sourceTree = "<group>"; };
		E1C3B77718FFC9B800D6FC18 /* carpark.png */ = {isa = PBXFileReference; lastKnownFileType = image.png; path = carpark.png; sourceTree = "<group>"; };
		E1C3B77918FFCA5400D6FC18 /* kongsted.png */ = {isa = PBXFileReference; lastKnownFileType = image.png; path = kongsted.png; sourceTree = "<group>"; };
		E1C3B77B18FFCB3700D6FC18 /* jazz.png */ = {isa = PBXFileReference; lastKnownFileType = image.png; path = jazz.png; sourceTree = "<group>"; };
		E1C3B77D18FFCD6400D6FC18 /* salsa.png */ = {isa = PBXFileReference; lastKnownFileType = image.png; path = salsa.png; sourceTree = "<group>"; };
		E1C3B77F18FFD07400D6FC18 /* zumba.png */ = {isa = PBXFileReference; lastKnownFileType = image.png; path = zumba.png; sourceTree = "<group>"; };
		E1C3B78118FFD19D00D6FC18 /* waltz.png */ = {isa = PBXFileReference; lastKnownFileType = image.png; path = waltz.png; sourceTree = "<group>"; };
		E1C3B78318FFD28400D6FC18 /* dtudance.png */ = {isa = PBXFileReference; lastKnownFileType = image.png; path = dtudance.png; sourceTree = "<group>"; };
		E1C3B78518FFD4BD00D6FC18 /* abbatizers@2x.png */ = {isa = PBXFileReference; lastKnownFileType = image.png; path = "abbatizers@2x.png"; sourceTree = "<group>"; };
		E1C3B78618FFD4BD00D6FC18 /* carpark@2x.png */ = {isa = PBXFileReference; lastKnownFileType = image.png; path = "carpark@2x.png"; sourceTree = "<group>"; };
		E1C3B78718FFD4BD00D6FC18 /* dtudance@2x.png */ = {isa = PBXFileReference; lastKnownFileType = image.png; path = "dtudance@2x.png"; sourceTree = "<group>"; };
		E1C3B78818FFD4BD00D6FC18 /* jazz@2x.png */ = {isa = PBXFileReference; lastKnownFileType = image.png; path = "jazz@2x.png"; sourceTree = "<group>"; };
		E1C3B78918FFD4BD00D6FC18 /* kaka@2x.png */ = {isa = PBXFileReference; lastKnownFileType = image.png; path = "kaka@2x.png"; sourceTree = "<group>"; };
		E1C3B78A18FFD4BD00D6FC18 /* kongsted@2x.png */ = {isa = PBXFileReference; lastKnownFileType = image.png; path = "kongsted@2x.png"; sourceTree = "<group>"; };
		E1C3B78B18FFD4BD00D6FC18 /* salsa@2x.png */ = {isa = PBXFileReference; lastKnownFileType = image.png; path = "salsa@2x.png"; sourceTree = "<group>"; };
		E1C3B78C18FFD4BD00D6FC18 /* waltz@2x.png */ = {isa = PBXFileReference; lastKnownFileType = image.png; path = "waltz@2x.png"; sourceTree = "<group>"; };
		E1C3B78D18FFD4BD00D6FC18 /* zumba@2x.png */ = {isa = PBXFileReference; lastKnownFileType = image.png; path = "zumba@2x.png"; sourceTree = "<group>"; };
		E1C3B7A01900444200D6FC18 /* ARSCarouselPartyInfo.h */ = {isa = PBXFileReference; fileEncoding = 4; lastKnownFileType = sourcecode.c.h; path = ARSCarouselPartyInfo.h; sourceTree = "<group>"; };
		E1C3B7A11900444200D6FC18 /* ARSCarouselPartyInfo.m */ = {isa = PBXFileReference; fileEncoding = 4; lastKnownFileType = sourcecode.c.objc; path = ARSCarouselPartyInfo.m; sourceTree = "<group>"; };
		E1C3B7A41900448300D6FC18 /* ARSCarouselPartyInfo.xib */ = {isa = PBXFileReference; fileEncoding = 4; lastKnownFileType = file.xib; path = ARSCarouselPartyInfo.xib; sourceTree = "<group>"; };
/* End PBXFileReference section */

/* Begin PBXFrameworksBuildPhase section */
		DB6B311E18A4337300C3EABB /* Frameworks */ = {
			isa = PBXFrameworksBuildPhase;
			buildActionMask = 2147483647;
			files = (
				DB6B316A18A4349B00C3EABB /* SystemConfiguration.framework in Frameworks */,
				DB6B316818A4349300C3EABB /* StoreKit.framework in Frameworks */,
				DB6B316618A4348D00C3EABB /* Security.framework in Frameworks */,
				DB6B316418A4348500C3EABB /* QuartzCore.framework in Frameworks */,
				DB6B316218A4348100C3EABB /* MobileCoreServices.framework in Frameworks */,
				DB6B316018A4347800C3EABB /* libz.dylib in Frameworks */,
				DB6B315E18A4347300C3EABB /* CoreLocation.framework in Frameworks */,
				DB6B312718A4337300C3EABB /* CoreGraphics.framework in Frameworks */,
				DB6B315C18A4346100C3EABB /* CFNetwork.framework in Frameworks */,
				DB6B315A18A4345700C3EABB /* AudioToolbox.framework in Frameworks */,
				DB6B312918A4337300C3EABB /* UIKit.framework in Frameworks */,
				DBCCEA4418A5628200CC87AE /* FacebookSDK.framework in Frameworks */,
				DB6B315818A4343800C3EABB /* Parse.framework in Frameworks */,
				DB6B312518A4337300C3EABB /* Foundation.framework in Frameworks */,
				A3C9C2959C23450F907C64EF /* libPods.a in Frameworks */,
			);
			runOnlyForDeploymentPostprocessing = 0;
		};
		DB6B313918A4337400C3EABB /* Frameworks */ = {
			isa = PBXFrameworksBuildPhase;
			buildActionMask = 2147483647;
			files = (
				DB6B313E18A4337400C3EABB /* XCTest.framework in Frameworks */,
				DB6B314018A4337400C3EABB /* UIKit.framework in Frameworks */,
				DB6B313F18A4337400C3EABB /* Foundation.framework in Frameworks */,
			);
			runOnlyForDeploymentPostprocessing = 0;
		};
/* End PBXFrameworksBuildPhase section */

/* Begin PBXGroup section */
		DB21FDA718BE1AFF0083F26C /* Categories */ = {
			isa = PBXGroup;
			children = (
				DB43481618EDC7DC00CD310E /* NSDate+DayTest */,
				DB9872A218AD7F7500A085FE /* NSDate+Formatter.h */,
				DB9872A318AD7F7500A085FE /* NSDate+Formatter.m */,
				DB53D31B18AE352400508DAD /* UIViewController+Edges.h */,
				DB53D31C18AE352400508DAD /* UIViewController+Edges.m */,
				DBE009E318B79585000B6DFE /* UIView+Borders.h */,
				DBE009E418B79585000B6DFE /* UIView+Borders.m */,
				DBA50A3118B7C6C6001C8AF1 /* UIImage+Icon.h */,
				DBA50A3218B7C6C6001C8AF1 /* UIImage+Icon.m */,
				DB21FD9418BE16B80083F26C /* UIBarButtonItem+RightBarItem.h */,
				DB21FD9518BE16B80083F26C /* UIBarButtonItem+RightBarItem.m */,
			);
			name = Categories;
			sourceTree = "<group>";
		};
		DB23274C18AD0DB800628B8D /* ARSEventListViewController */ = {
			isa = PBXGroup;
			children = (
				DB98729418AD745A00A085FE /* ARSEventCell */,
				DBBEC19318A6DAC200212106 /* ARSEventListViewController.h */,
				DBBEC19418A6DAC200212106 /* ARSEventListViewController.m */,
				DBBEC19518A6DAC200212106 /* ARSEventListViewController.xib */,
			);
			name = ARSEventListViewController;
			sourceTree = "<group>";
		};
		DB38A69918E1909800AA12AE /* ARSAlertManager */ = {
			isa = PBXGroup;
			children = (
				DB38A69618E1908F00AA12AE /* ARSAlertManager.h */,
				DB38A69718E1908F00AA12AE /* ARSAlertManager.m */,
			);
			name = ARSAlertManager;
			sourceTree = "<group>";
		};
		DB43481618EDC7DC00CD310E /* NSDate+DayTest */ = {
			isa = PBXGroup;
			children = (
				DB43481718EDC7DC00CD310E /* NSDate+DayTest.h */,
				DB43481818EDC7DC00CD310E /* NSDate+DayTest.m */,
			);
			path = "NSDate+DayTest";
			sourceTree = "<group>";
		};
		DB43AE3A18DEDDAE00D56B4F /* EventThumbnails */ = {
			isa = PBXGroup;
			children = (
				E1C3B78518FFD4BD00D6FC18 /* abbatizers@2x.png */,
				E1C3B78618FFD4BD00D6FC18 /* carpark@2x.png */,
				E1C3B78718FFD4BD00D6FC18 /* dtudance@2x.png */,
				E1C3B78818FFD4BD00D6FC18 /* jazz@2x.png */,
				E1C3B78918FFD4BD00D6FC18 /* kaka@2x.png */,
				E1C3B78A18FFD4BD00D6FC18 /* kongsted@2x.png */,
				E1C3B78B18FFD4BD00D6FC18 /* salsa@2x.png */,
				E1C3B78C18FFD4BD00D6FC18 /* waltz@2x.png */,
				E1C3B78D18FFD4BD00D6FC18 /* zumba@2x.png */,
				E1C3B78318FFD28400D6FC18 /* dtudance.png */,
				E1C3B78118FFD19D00D6FC18 /* waltz.png */,
				E1C3B77F18FFD07400D6FC18 /* zumba.png */,
				E1C3B77D18FFCD6400D6FC18 /* salsa.png */,
				E1C3B77B18FFCB3700D6FC18 /* jazz.png */,
				E1C3B77918FFCA5400D6FC18 /* kongsted.png */,
				E1C3B77718FFC9B800D6FC18 /* carpark.png */,
				E1C3B77518FFC80800D6FC18 /* kaka.png */,
				E1C3B77318FD3F3D00D6FC18 /* abbatizers.png */,
				DBE009B918B78E22000B6DFE /* dinner.png */,
				DBE009BA18B78E22000B6DFE /* dinner@2x.png */,
				DBE009BB18B78E22000B6DFE /* dj.png */,
				DBE009BC18B78E22000B6DFE /* dj@2x.png */,
				DBE009BD18B78E22000B6DFE /* jazzband.png */,
				DBE009BE18B78E22000B6DFE /* jazzband@2x.png */,
				DBE009BF18B78E22000B6DFE /* leslanciers.png */,
				DBE009C018B78E22000B6DFE /* leslanciers@2x.png */,
				DBE009C118B78E22000B6DFE /* official.png */,
				DBE009C218B78E22000B6DFE /* official@2x.png */,
				DBE009C318B78E22000B6DFE /* queenmachine.png */,
				DBE009C418B78E22000B6DFE /* queenmachine@2x.png */,
			);
			name = EventThumbnails;
			sourceTree = "<group>";
		};
		DB43AE3B18DEDE4E00D56B4F /* Controllers */ = {
			isa = PBXGroup;
			children = (
				DB38A69918E1909800AA12AE /* ARSAlertManager */,
				DB43AE3F18DEDE8100D56B4F /* ARSUserController */,
			);
			name = Controllers;
			sourceTree = "<group>";
		};
		DB43AE3F18DEDE8100D56B4F /* ARSUserController */ = {
			isa = PBXGroup;
			children = (
				DB43AE3C18DEDE7D00D56B4F /* ARSUserController.h */,
				DB43AE3D18DEDE7D00D56B4F /* ARSUserController.m */,
			);
			name = ARSUserController;
			sourceTree = "<group>";
		};
		DB53D31E18AE58D000508DAD /* Resources */ = {
			isa = PBXGroup;
			children = (
				DB5C7B8619029D0A00E56ECD /* Default@2x.png */,
				DB5C7B8719029D0A00E56ECD /* Default-568h@2x.png */,
				DB5C7B8219025A3500E56ECD /* AppIcon58.png */,
				DB5C7B8319025A3500E56ECD /* AppIcon80.png */,
				DB5B3FDD1901D25D000EBB36 /* AppIcon120.png */,
				DBF6B0DE18EC547D0048605F /* JSON Files */,
				DB811D7618E6E0E800BB11E6 /* buildingmap@2x.png */,
				DB53D32D18AEBCD300508DAD /* default_background.png */,
				DB53D32E18AEBCD300508DAD /* default_background@2x.png */,
				DB53D32F18AEBCD300508DAD /* default_background568h@2x.png */,
				DB53D32418AEB87100508DAD /* Images */,
				DB53D32318AEB86700508DAD /* Icons */,
			);
			name = Resources;
			sourceTree = "<group>";
		};
		DB53D32318AEB86700508DAD /* Icons */ = {
			isa = PBXGroup;
			children = (
				DB5C7B92190304B500E56ECD /* logoutbutton.png */,
				DB5C7B93190304B500E56ECD /* locateme@2x.png */,
				DB5C7B94190304B500E56ECD /* locateme.png */,
				DB5C7B95190304B500E56ECD /* logoutbutton@2x.png */,
				DB9D6E2A18F47CB000D76BA8 /* refresh.png */,
				DB9D6E2B18F47CB000D76BA8 /* refresh@2x.png */,
				DB811D7818E6F6E500BB11E6 /* close.png */,
				DB811D7918E6F6E500BB11E6 /* close@2x.png */,
				DB169A4B18E5F93400075319 /* contact_icon@2x.png */,
				DB53D31F18AE595C00508DAD /* Clock.png */,
				DB53D32018AE595C00508DAD /* Clock@2x.png */,
			);
			name = Icons;
			sourceTree = "<group>";
		};
		DB53D32418AEB87100508DAD /* Images */ = {
			isa = PBXGroup;
			children = (
				DB4114A51901A26800740FF8 /* registerview@2x.png */,
				DB4114A319019FA800740FF8 /* sign-in-with-facebook-highlighted@2x.png */,
				DB41149F19019E5500740FF8 /* sign-in-with-facebook@2x.png */,
				DB43AE3A18DEDDAE00D56B4F /* EventThumbnails */,
				DB77EBD418DC56D400452E06 /* Intro view */,
				DBA50A2418B7C5B8001C8AF1 /* Icons */,
			);
			name = Images;
			sourceTree = "<group>";
		};
		DB59F48218FAC41200348BBF /* ARSCarousel */ = {
			isa = PBXGroup;
			children = (
				DB59F48918FAC6B900348BBF /* ARSCarouselThumbnail */,
				DB59F48318FAC62200348BBF /* ARSCarousel.h */,
				DB59F48418FAC62200348BBF /* ARSCarousel.m */,
				DB59F48618FAC63000348BBF /* ARSCarousel.xib */,
				E1C3B7A31900444600D6FC18 /* ARSCarouselPartyInfo */,
			);
			name = ARSCarousel;
			sourceTree = "<group>";
		};
		DB59F48818FAC6A900348BBF /* ARSHorizontalScrollingHeader */ = {
			isa = PBXGroup;
			children = (
				DB8E940F18A78B5900EF214F /* ARSHorizontalScrollingHeader.h */,
				DB8E941018A78B5900EF214F /* ARSHorizontalScrollingHeader.m */,
			);
			name = ARSHorizontalScrollingHeader;
			sourceTree = "<group>";
		};
		DB59F48918FAC6B900348BBF /* ARSCarouselThumbnail */ = {
			isa = PBXGroup;
			children = (
				DB59F48A18FAC6FF00348BBF /* ARSCarouselThumbnail.h */,
				DB59F48B18FAC6FF00348BBF /* ARSCarouselThumbnail.m */,
				DB59F48D18FAC72100348BBF /* ARSCarouselThumbnail.xib */,
			);
			name = ARSCarouselThumbnail;
			sourceTree = "<group>";
		};
		DB6B311818A4337300C3EABB = {
			isa = PBXGroup;
			children = (
				DB6B312A18A4337300C3EABB /* Arsfest */,
				DB6B314318A4337400C3EABB /* ArsfestTests */,
				DB6B312318A4337300C3EABB /* Frameworks */,
				DB6B312218A4337300C3EABB /* Products */,
				79241BB9B33948DDAE553BAF /* Pods.xcconfig */,
			);
			sourceTree = "<group>";
		};
		DB6B312218A4337300C3EABB /* Products */ = {
			isa = PBXGroup;
			children = (
				DB6B312118A4337300C3EABB /* Arsfest.app */,
				DB6B313C18A4337400C3EABB /* ArsfestTests.xctest */,
			);
			name = Products;
			sourceTree = "<group>";
		};
		DB6B312318A4337300C3EABB /* Frameworks */ = {
			isa = PBXGroup;
			children = (
				DBCCEA4318A5628200CC87AE /* FacebookSDK.framework */,
				DB6B316918A4349B00C3EABB /* SystemConfiguration.framework */,
				DB6B316718A4349300C3EABB /* StoreKit.framework */,
				DB6B316518A4348D00C3EABB /* Security.framework */,
				DB6B316318A4348500C3EABB /* QuartzCore.framework */,
				DB6B316118A4348100C3EABB /* MobileCoreServices.framework */,
				DB6B315F18A4347800C3EABB /* libz.dylib */,
				DB6B315D18A4347300C3EABB /* CoreLocation.framework */,
				DB6B315B18A4346100C3EABB /* CFNetwork.framework */,
				DB6B315918A4345700C3EABB /* AudioToolbox.framework */,
				DB6B315718A4343800C3EABB /* Parse.framework */,
				DB6B312418A4337300C3EABB /* Foundation.framework */,
				DB6B312618A4337300C3EABB /* CoreGraphics.framework */,
				DB6B312818A4337300C3EABB /* UIKit.framework */,
				DB6B313D18A4337400C3EABB /* XCTest.framework */,
				B51341BED63B4BC580A5958B /* libPods.a */,
			);
			name = Frameworks;
			sourceTree = "<group>";
		};
		DB6B312A18A4337300C3EABB /* Arsfest */ = {
			isa = PBXGroup;
			children = (
				DB43AE3B18DEDE4E00D56B4F /* Controllers */,
				DB77EBD218DC3F7D00452E06 /* Views */,
				DB53D31E18AE58D000508DAD /* Resources */,
				DB9872A118AD7F5900A085FE /* Utilities */,
				DB8E940E18A78ADD00EF214F /* GuiComponents */,
				DBBEC19218A6D9E300212106 /* ViewControllers */,
				DB6B316F18A43A9700C3EABB /* Model */,
				DB6B313318A4337300C3EABB /* ARSAppDelegate.h */,
				DB6B313418A4337300C3EABB /* ARSAppDelegate.m */,
				DB8F53E618B66CA1006625C9 /* ARSGlobals.h */,
				DB6B313618A4337300C3EABB /* Images.xcassets */,
				DB6B312B18A4337300C3EABB /* Supporting Files */,
			);
			path = Arsfest;
			sourceTree = "<group>";
		};
		DB6B312B18A4337300C3EABB /* Supporting Files */ = {
			isa = PBXGroup;
			children = (
				DB6B312C18A4337300C3EABB /* Arsfest-Info.plist */,
				DB6B312D18A4337300C3EABB /* InfoPlist.strings */,
				DB6B313018A4337300C3EABB /* main.m */,
				DB6B313218A4337300C3EABB /* Arsfest-Prefix.pch */,
			);
			name = "Supporting Files";
			sourceTree = "<group>";
		};
		DB6B314318A4337400C3EABB /* ArsfestTests */ = {
			isa = PBXGroup;
			children = (
				DB6B314918A4337400C3EABB /* ArsfestTests.m */,
				DB6B314418A4337400C3EABB /* Supporting Files */,
			);
			path = ArsfestTests;
			sourceTree = "<group>";
		};
		DB6B314418A4337400C3EABB /* Supporting Files */ = {
			isa = PBXGroup;
			children = (
				DB6B314518A4337400C3EABB /* ArsfestTests-Info.plist */,
				DB6B314618A4337400C3EABB /* InfoPlist.strings */,
			);
			name = "Supporting Files";
			sourceTree = "<group>";
		};
		DB6B316F18A43A9700C3EABB /* Model */ = {
			isa = PBXGroup;
			children = (
				DBF6B0DA18EC31300048605F /* ARSWifi */,
				DBCCEA4818A5722B00CC87AE /* ARSData */,
				DB6B317118A43AA300C3EABB /* ARSEvent */,
				DB6B317018A43A9C00C3EABB /* ARSLocation */,
			);
			name = Model;
			sourceTree = "<group>";
		};
		DB6B317018A43A9C00C3EABB /* ARSLocation */ = {
			isa = PBXGroup;
			children = (
				DB6B317218A43AD200C3EABB /* ARSLocation.h */,
				DB6B317318A43AD200C3EABB /* ARSLocation.m */,
			);
			name = ARSLocation;
			sourceTree = "<group>";
		};
		DB6B317118A43AA300C3EABB /* ARSEvent */ = {
			isa = PBXGroup;
			children = (
				DB6B317518A43AE500C3EABB /* ARSEvent.h */,
				DB6B317618A43AE500C3EABB /* ARSEvent.m */,
			);
			name = ARSEvent;
			sourceTree = "<group>";
		};
		DB77EBD218DC3F7D00452E06 /* Views */ = {
			isa = PBXGroup;
			children = (
				DB77EBD318DC56CB00452E06 /* IntroView */,
			);
			name = Views;
			sourceTree = "<group>";
		};
		DB77EBD318DC56CB00452E06 /* IntroView */ = {
			isa = PBXGroup;
			children = (
			);
			name = IntroView;
			sourceTree = "<group>";
		};
		DB77EBD418DC56D400452E06 /* Intro view */ = {
			isa = PBXGroup;
			children = (
				DB77EBD518DC56E400452E06 /* BackgroundIntroView-568h@2x.png */,
				DB77EBD618DC56E400452E06 /* BackgroundIntroView@2x.png */,
			);
			name = "Intro view";
			sourceTree = "<group>";
		};
		DB818D9D18F9A9C5004C3845 /* MZTimerLabel */ = {
			isa = PBXGroup;
			children = (
				DB818D9E18F9A9C5004C3845 /* MZTimerLabel.h */,
				DB818D9F18F9A9C5004C3845 /* MZTimerLabel.m */,
			);
			path = MZTimerLabel;
			sourceTree = "<group>";
		};
		DB8E940E18A78ADD00EF214F /* GuiComponents */ = {
			isa = PBXGroup;
			children = (
				DB59F48818FAC6A900348BBF /* ARSHorizontalScrollingHeader */,
				DB59F48218FAC41200348BBF /* ARSCarousel */,
			);
			name = GuiComponents;
			sourceTree = "<group>";
		};
		DB96086518E5D83E00AC3B8B /* ARSFriendListCell */ = {
			isa = PBXGroup;
			children = (
				DB96086618E5D87B00AC3B8B /* ARSFriendListCell.h */,
				DB96086718E5D87B00AC3B8B /* ARSFriendListCell.m */,
				DB96086818E5D87B00AC3B8B /* ARSFriendListCell.xib */,
			);
			name = ARSFriendListCell;
			sourceTree = "<group>";
		};
		DB96086B18E5E12000AC3B8B /* AsyncImageView */ = {
			isa = PBXGroup;
			children = (
				DB96086C18E5E12000AC3B8B /* AsyncImageView.h */,
				DB96086D18E5E12000AC3B8B /* AsyncImageView.m */,
			);
			path = AsyncImageView;
			sourceTree = "<group>";
		};
		DB98729418AD745A00A085FE /* ARSEventCell */ = {
			isa = PBXGroup;
			children = (
				DB98729518AD748B00A085FE /* ARSEventCell.h */,
				DB98729618AD748B00A085FE /* ARSEventCell.m */,
				DB98729818AD74B500A085FE /* ARSEventCell.xib */,
			);
			name = ARSEventCell;
			sourceTree = "<group>";
		};
		DB98729A18AD7E7F00A085FE /* ARSEventViewController */ = {
			isa = PBXGroup;
			children = (
				DB98729C18AD7EB000A085FE /* ARSEventViewController.h */,
				DB98729D18AD7EB000A085FE /* ARSEventViewController.m */,
				DB98729E18AD7EB000A085FE /* ARSEventViewController.xib */,
			);
			name = ARSEventViewController;
			sourceTree = "<group>";
		};
		DB9872A118AD7F5900A085FE /* Utilities */ = {
			isa = PBXGroup;
			children = (
				DB818D9D18F9A9C5004C3845 /* MZTimerLabel */,
				DB96086B18E5E12000AC3B8B /* AsyncImageView */,
				DBA8518818DB7E54005E352E /* EAIntroView */,
				DB21FDA718BE1AFF0083F26C /* Categories */,
				DB21FDA818BE1B6E0083F26C /* ARSNavigationController.h */,
				DB21FDA918BE1B6E0083F26C /* ARSNavigationController.m */,
			);
			name = Utilities;
			sourceTree = "<group>";
		};
		DBA50A2418B7C5B8001C8AF1 /* Icons */ = {
			isa = PBXGroup;
			children = (
				DB5C7B8E1902EC2300E56ECD /* location_icon@2x.png */,
				DB5C7B8F1902EC2300E56ECD /* location_icon.png */,
				DB5C7B8A1902E89A00E56ECD /* official_icon.png */,
				DB5C7B8B1902E89A00E56ECD /* official_icon@2x.png */,
				E147EE031901902900C2D8B8 /* question@2x.png */,
				E147EE011901900500C2D8B8 /* question.png */,
				DBA50A2518B7C6A0001C8AF1 /* dance_icon.png */,
				DBA50A2618B7C6A0001C8AF1 /* dance_icon@2x.png */,
				DBA50A2718B7C6A0001C8AF1 /* food_icon.png */,
				DBA50A2818B7C6A0001C8AF1 /* food_icon@2x.png */,
				DBA50A2918B7C6A0001C8AF1 /* music_icon.png */,
				DBA50A2A18B7C6A0001C8AF1 /* music_icon@2x.png */,
			);
			name = Icons;
			sourceTree = "<group>";
		};
		DBA8518818DB7E54005E352E /* EAIntroView */ = {
			isa = PBXGroup;
			children = (
				DBA8518918DB7E86005E352E /* EAIntroPage.h */,
				DBA8518A18DB7E86005E352E /* EAIntroPage.m */,
				DBA8518B18DB7E86005E352E /* EAIntroView.h */,
				DBA8518C18DB7E86005E352E /* EAIntroView.m */,
			);
			name = EAIntroView;
			sourceTree = "<group>";
		};
		DBBEC19218A6D9E300212106 /* ViewControllers */ = {
			isa = PBXGroup;
			children = (
				E147EDF919015ABF00C2D8B8 /* ARSInfoViewController */,
				DBC83A6618E2DBA30047D269 /* ARSMapViewController */,
				DB98729A18AD7E7F00A085FE /* ARSEventViewController */,
				DB23274C18AD0DB800628B8D /* ARSEventListViewController */,
			);
			name = ViewControllers;
			sourceTree = "<group>";
		};
		DBC83A6618E2DBA30047D269 /* ARSMapViewController */ = {
			isa = PBXGroup;
			children = (
				DB96086518E5D83E00AC3B8B /* ARSFriendListCell */,
				DBC83A6718E2DE380047D269 /* ARSMapViewController.h */,
				DBC83A6818E2DE380047D269 /* ARSMapViewController.m */,
				DBC83A6918E2DE380047D269 /* ARSMapViewController.xib */,
			);
			name = ARSMapViewController;
			sourceTree = "<group>";
		};
		DBCCEA4818A5722B00CC87AE /* ARSData */ = {
			isa = PBXGroup;
			children = (
				DBCCEA4918A5723D00CC87AE /* ARSData.h */,
				DBCCEA4A18A5723D00CC87AE /* ARSData.m */,
			);
			name = ARSData;
			sourceTree = "<group>";
		};
		DBF6B0DA18EC31300048605F /* ARSWifi */ = {
			isa = PBXGroup;
			children = (
				DBF6B0DB18EC316F0048605F /* ARSWifi.h */,
				DBF6B0DC18EC316F0048605F /* ARSWifi.m */,
			);
			name = ARSWifi;
			sourceTree = "<group>";
		};
		DBF6B0DE18EC547D0048605F /* JSON Files */ = {
			isa = PBXGroup;
			children = (
				DBF6B0E118EC54CA0048605F /* events.json */,
				DBF6B0DF18EC548B0048605F /* wifis.json */,
			);
			name = "JSON Files";
			sourceTree = "<group>";
		};
		E147EDF919015ABF00C2D8B8 /* ARSInfoViewController */ = {
			isa = PBXGroup;
			children = (
				E147EDFF19015C0600C2D8B8 /* ARSInfoViewController.xib */,
				E147EDFA19015ADF00C2D8B8 /* ARSInfoViewController.h */,
				E147EDFB19015ADF00C2D8B8 /* ARSInfoViewController.m */,
			);
			name = ARSInfoViewController;
			sourceTree = "<group>";
		};
		E1C3B7A31900444600D6FC18 /* ARSCarouselPartyInfo */ = {
			isa = PBXGroup;
			children = (
				E1C3B7A01900444200D6FC18 /* ARSCarouselPartyInfo.h */,
				E1C3B7A11900444200D6FC18 /* ARSCarouselPartyInfo.m */,
				E1C3B7A41900448300D6FC18 /* ARSCarouselPartyInfo.xib */,
			);
			name = ARSCarouselPartyInfo;
			sourceTree = "<group>";
		};
/* End PBXGroup section */

/* Begin PBXNativeTarget section */
		DB6B312018A4337300C3EABB /* Arsfest */ = {
			isa = PBXNativeTarget;
			buildConfigurationList = DB6B314D18A4337400C3EABB /* Build configuration list for PBXNativeTarget "Arsfest" */;
			buildPhases = (
				86FDD6F73D274E9DBC446D54 /* Check Pods Manifest.lock */,
				DB6B311D18A4337300C3EABB /* Sources */,
				DB6B311E18A4337300C3EABB /* Frameworks */,
				DB6B311F18A4337300C3EABB /* Resources */,
				A5D650664D94473ABD9A9086 /* Copy Pods Resources */,
			);
			buildRules = (
			);
			dependencies = (
			);
			name = Arsfest;
			productName = Arsfest;
			productReference = DB6B312118A4337300C3EABB /* Arsfest.app */;
			productType = "com.apple.product-type.application";
		};
		DB6B313B18A4337400C3EABB /* ArsfestTests */ = {
			isa = PBXNativeTarget;
			buildConfigurationList = DB6B315018A4337400C3EABB /* Build configuration list for PBXNativeTarget "ArsfestTests" */;
			buildPhases = (
				DB6B313818A4337400C3EABB /* Sources */,
				DB6B313918A4337400C3EABB /* Frameworks */,
				DB6B313A18A4337400C3EABB /* Resources */,
			);
			buildRules = (
			);
			dependencies = (
				DB6B314218A4337400C3EABB /* PBXTargetDependency */,
			);
			name = ArsfestTests;
			productName = ArsfestTests;
			productReference = DB6B313C18A4337400C3EABB /* ArsfestTests.xctest */;
			productType = "com.apple.product-type.bundle.unit-test";
		};
/* End PBXNativeTarget section */

/* Begin PBXProject section */
		DB6B311918A4337300C3EABB /* Project object */ = {
			isa = PBXProject;
			attributes = {
				CLASSPREFIX = ARS;
				LastUpgradeCheck = 0510;
				ORGANIZATIONNAME = dtu;
				TargetAttributes = {
					DB6B312018A4337300C3EABB = {
						DevelopmentTeam = JD4KMD4VG6;
					};
					DB6B313B18A4337400C3EABB = {
						TestTargetID = DB6B312018A4337300C3EABB;
					};
				};
			};
			buildConfigurationList = DB6B311C18A4337300C3EABB /* Build configuration list for PBXProject "Arsfest" */;
			compatibilityVersion = "Xcode 3.2";
			developmentRegion = English;
			hasScannedForEncodings = 0;
			knownRegions = (
				en,
			);
			mainGroup = DB6B311818A4337300C3EABB;
			productRefGroup = DB6B312218A4337300C3EABB /* Products */;
			projectDirPath = "";
			projectRoot = "";
			targets = (
				DB6B312018A4337300C3EABB /* Arsfest */,
				DB6B313B18A4337400C3EABB /* ArsfestTests */,
			);
		};
/* End PBXProject section */

/* Begin PBXResourcesBuildPhase section */
		DB6B311F18A4337300C3EABB /* Resources */ = {
			isa = PBXResourcesBuildPhase;
			buildActionMask = 2147483647;
			files = (
				DB6B312F18A4337300C3EABB /* InfoPlist.strings in Resources */,
				DB59F48718FAC63000348BBF /* ARSCarousel.xib in Resources */,
				DBE009CA18B78E22000B6DFE /* dinner@2x.png in Resources */,
				DBA50A3018B7C6A0001C8AF1 /* music_icon@2x.png in Resources */,
				E1C3B77818FFC9B800D6FC18 /* carpark.png in Resources */,
				E1C3B77A18FFCA5400D6FC18 /* kongsted.png in Resources */,
				DBE009D418B78E22000B6DFE /* queenmachine@2x.png in Resources */,
				DB4114A019019E5500740FF8 /* sign-in-with-facebook@2x.png in Resources */,
				DB98729918AD74B500A085FE /* ARSEventCell.xib in Resources */,
				DB5C7B8D1902E89A00E56ECD /* official_icon@2x.png in Resources */,
				E1C3B77418FD3F3D00D6FC18 /* abbatizers.png in Resources */,
				E1C3B77E18FFCD6400D6FC18 /* salsa.png in Resources */,
				E1C3B78E18FFD4BD00D6FC18 /* abbatizers@2x.png in Resources */,
				DB96086A18E5D87B00AC3B8B /* ARSFriendListCell.xib in Resources */,
				E1C3B79118FFD4BD00D6FC18 /* jazz@2x.png in Resources */,
				DB77EBD818DC56E400452E06 /* BackgroundIntroView@2x.png in Resources */,
				DBE009D018B78E22000B6DFE /* leslanciers@2x.png in Resources */,
				E147EE041901902900C2D8B8 /* question@2x.png in Resources */,
				DB811D7B18E6F6E500BB11E6 /* close@2x.png in Resources */,
				DBA50A2B18B7C6A0001C8AF1 /* dance_icon.png in Resources */,
				DB811D7718E6E0E800BB11E6 /* buildingmap@2x.png in Resources */,
				DB9D6E2C18F47CB000D76BA8 /* refresh.png in Resources */,
				DB4114A419019FA800740FF8 /* sign-in-with-facebook-highlighted@2x.png in Resources */,
				E1C3B79318FFD4BD00D6FC18 /* kongsted@2x.png in Resources */,
				DB5C7B98190304B500E56ECD /* locateme.png in Resources */,
				DB77EBD718DC56E400452E06 /* BackgroundIntroView-568h@2x.png in Resources */,
				DB5B3FDE1901D25D000EBB36 /* AppIcon120.png in Resources */,
				E1C3B78F18FFD4BD00D6FC18 /* carpark@2x.png in Resources */,
				E1C3B79218FFD4BD00D6FC18 /* kaka@2x.png in Resources */,
				E1C3B7A51900448300D6FC18 /* ARSCarouselPartyInfo.xib in Resources */,
				DBE009CD18B78E22000B6DFE /* jazzband.png in Resources */,
				DB53D33118AEBCD300508DAD /* default_background@2x.png in Resources */,
				DBE009D118B78E22000B6DFE /* official.png in Resources */,
				E1C3B78418FFD28400D6FC18 /* dtudance.png in Resources */,
				DB53D33218AEBCD300508DAD /* default_background568h@2x.png in Resources */,
				E1C3B79518FFD4BD00D6FC18 /* waltz@2x.png in Resources */,
				DB811D7A18E6F6E500BB11E6 /* close.png in Resources */,
				DB53D33018AEBCD300508DAD /* default_background.png in Resources */,
				DBA50A2F18B7C6A0001C8AF1 /* music_icon.png in Resources */,
				DB5C7B8819029D0A00E56ECD /* Default@2x.png in Resources */,
				DB5C7B911902EC2300E56ECD /* location_icon.png in Resources */,
				DB169A4C18E5F93400075319 /* contact_icon@2x.png in Resources */,
				E1C3B77618FFC80800D6FC18 /* kaka.png in Resources */,
				DB5C7B8C1902E89A00E56ECD /* official_icon.png in Resources */,
				DB5C7B96190304B500E56ECD /* logoutbutton.png in Resources */,
				DBA50A2E18B7C6A0001C8AF1 /* food_icon@2x.png in Resources */,
				DB9D6E2D18F47CB000D76BA8 /* refresh@2x.png in Resources */,
				DBA50A2C18B7C6A0001C8AF1 /* dance_icon@2x.png in Resources */,
				DBE009C918B78E22000B6DFE /* dinner.png in Resources */,
				DBE009CC18B78E22000B6DFE /* dj@2x.png in Resources */,
				DB5C7B8519025A3500E56ECD /* AppIcon80.png in Resources */,
				E1C3B78218FFD19D00D6FC18 /* waltz.png in Resources */,
				E1C3B79418FFD4BD00D6FC18 /* salsa@2x.png in Resources */,
				DBC83A6B18E2DE380047D269 /* ARSMapViewController.xib in Resources */,
				DBF6B0E218EC54CA0048605F /* events.json in Resources */,
				DB5C7B97190304B500E56ECD /* locateme@2x.png in Resources */,
				DBE009CE18B78E22000B6DFE /* jazzband@2x.png in Resources */,
				E147EE0019015C0600C2D8B8 /* ARSInfoViewController.xib in Resources */,
				DBBEC19718A6DAC200212106 /* ARSEventListViewController.xib in Resources */,
				E1C3B78018FFD07400D6FC18 /* zumba.png in Resources */,
				DB53D32218AE595C00508DAD /* Clock@2x.png in Resources */,
				DBF6B0E018EC548B0048605F /* wifis.json in Resources */,
				DBA50A2D18B7C6A0001C8AF1 /* food_icon.png in Resources */,
				E1C3B79018FFD4BD00D6FC18 /* dtudance@2x.png in Resources */,
				DB5C7B901902EC2300E56ECD /* location_icon@2x.png in Resources */,
				DBE009D218B78E22000B6DFE /* official@2x.png in Resources */,
				DBE009CF18B78E22000B6DFE /* leslanciers.png in Resources */,
				E147EE021901900500C2D8B8 /* question.png in Resources */,
				DB6B313718A4337300C3EABB /* Images.xcassets in Resources */,
				DB53D32118AE595C00508DAD /* Clock.png in Resources */,
				E1C3B77C18FFCB3700D6FC18 /* jazz.png in Resources */,
				DB5C7B99190304B500E56ECD /* logoutbutton@2x.png in Resources */,
				DBE009CB18B78E22000B6DFE /* dj.png in Resources */,
				DB5C7B8419025A3500E56ECD /* AppIcon58.png in Resources */,
				DB4114A61901A26800740FF8 /* registerview@2x.png in Resources */,
				E1C3B79618FFD4BD00D6FC18 /* zumba@2x.png in Resources */,
				DB9872A018AD7EB000A085FE /* ARSEventViewController.xib in Resources */,
				DB59F48E18FAC72100348BBF /* ARSCarouselThumbnail.xib in Resources */,
				DB5C7B8919029D0A00E56ECD /* Default-568h@2x.png in Resources */,
				DBE009D318B78E22000B6DFE /* queenmachine.png in Resources */,
			);
			runOnlyForDeploymentPostprocessing = 0;
		};
		DB6B313A18A4337400C3EABB /* Resources */ = {
			isa = PBXResourcesBuildPhase;
			buildActionMask = 2147483647;
			files = (
				DB6B314818A4337400C3EABB /* InfoPlist.strings in Resources */,
			);
			runOnlyForDeploymentPostprocessing = 0;
		};
/* End PBXResourcesBuildPhase section */

/* Begin PBXShellScriptBuildPhase section */
		86FDD6F73D274E9DBC446D54 /* Check Pods Manifest.lock */ = {
			isa = PBXShellScriptBuildPhase;
			buildActionMask = 2147483647;
			files = (
			);
			inputPaths = (
			);
			name = "Check Pods Manifest.lock";
			outputPaths = (
			);
			runOnlyForDeploymentPostprocessing = 0;
			shellPath = /bin/sh;
			shellScript = "diff \"${PODS_ROOT}/../Podfile.lock\" \"${PODS_ROOT}/Manifest.lock\" > /dev/null\nif [[ $? != 0 ]] ; then\n    cat << EOM\nerror: The sandbox is not in sync with the Podfile.lock. Run 'pod install' or update your CocoaPods installation.\nEOM\n    exit 1\nfi\n";
			showEnvVarsInLog = 0;
		};
		A5D650664D94473ABD9A9086 /* Copy Pods Resources */ = {
			isa = PBXShellScriptBuildPhase;
			buildActionMask = 2147483647;
			files = (
			);
			inputPaths = (
			);
			name = "Copy Pods Resources";
			outputPaths = (
			);
			runOnlyForDeploymentPostprocessing = 0;
			shellPath = /bin/sh;
			shellScript = "\"${SRCROOT}/Pods/Pods-resources.sh\"\n";
			showEnvVarsInLog = 0;
		};
/* End PBXShellScriptBuildPhase section */

/* Begin PBXSourcesBuildPhase section */
		DB6B311D18A4337300C3EABB /* Sources */ = {
			isa = PBXSourcesBuildPhase;
			buildActionMask = 2147483647;
			files = (
				DB98729F18AD7EB000A085FE /* ARSEventViewController.m in Sources */,
				DB96086918E5D87B00AC3B8B /* ARSFriendListCell.m in Sources */,
				DB59F48518FAC62200348BBF /* ARSCarousel.m in Sources */,
				DB43AE3E18DEDE7D00D56B4F /* ARSUserController.m in Sources */,
				DB43481918EDC7DC00CD310E /* NSDate+DayTest.m in Sources */,
				DBA50A3318B7C6C6001C8AF1 /* UIImage+Icon.m in Sources */,
				DB818DA018F9A9C5004C3845 /* MZTimerLabel.m in Sources */,
				DB6B313118A4337300C3EABB /* main.m in Sources */,
				DB96086E18E5E12000AC3B8B /* AsyncImageView.m in Sources */,
				DB98729718AD748B00A085FE /* ARSEventCell.m in Sources */,
				DBA8518E18DB7E86005E352E /* EAIntroView.m in Sources */,
				DB6B317418A43AD200C3EABB /* ARSLocation.m in Sources */,
				DB38A69818E1908F00AA12AE /* ARSAlertManager.m in Sources */,
				DB6B313518A4337300C3EABB /* ARSAppDelegate.m in Sources */,
				DB9872A418AD7F7500A085FE /* NSDate+Formatter.m in Sources */,
				DBA8518D18DB7E86005E352E /* EAIntroPage.m in Sources */,
				DB6B317718A43AE500C3EABB /* ARSEvent.m in Sources */,
				E147EDFC19015ADF00C2D8B8 /* ARSInfoViewController.m in Sources */,
				DBC83A6A18E2DE380047D269 /* ARSMapViewController.m in Sources */,
				DB21FD9618BE16B80083F26C /* UIBarButtonItem+RightBarItem.m in Sources */,
				DB21FDAA18BE1B6E0083F26C /* ARSNavigationController.m in Sources */,
				DBF6B0DD18EC316F0048605F /* ARSWifi.m in Sources */,
				E1C3B7A21900444200D6FC18 /* ARSCarouselPartyInfo.m in Sources */,
				DB59F48C18FAC6FF00348BBF /* ARSCarouselThumbnail.m in Sources */,
				DBBEC19618A6DAC200212106 /* ARSEventListViewController.m in Sources */,
				DBE009E518B79585000B6DFE /* UIView+Borders.m in Sources */,
				DBCCEA4B18A5723D00CC87AE /* ARSData.m in Sources */,
				DB8E941118A78B5900EF214F /* ARSHorizontalScrollingHeader.m in Sources */,
				DB53D31D18AE352400508DAD /* UIViewController+Edges.m in Sources */,
			);
			runOnlyForDeploymentPostprocessing = 0;
		};
		DB6B313818A4337400C3EABB /* Sources */ = {
			isa = PBXSourcesBuildPhase;
			buildActionMask = 2147483647;
			files = (
				DB6B314A18A4337400C3EABB /* ArsfestTests.m in Sources */,
			);
			runOnlyForDeploymentPostprocessing = 0;
		};
/* End PBXSourcesBuildPhase section */

/* Begin PBXTargetDependency section */
		DB6B314218A4337400C3EABB /* PBXTargetDependency */ = {
			isa = PBXTargetDependency;
			target = DB6B312018A4337300C3EABB /* Arsfest */;
			targetProxy = DB6B314118A4337400C3EABB /* PBXContainerItemProxy */;
		};
/* End PBXTargetDependency section */

/* Begin PBXVariantGroup section */
		DB6B312D18A4337300C3EABB /* InfoPlist.strings */ = {
			isa = PBXVariantGroup;
			children = (
				DB6B312E18A4337300C3EABB /* en */,
			);
			name = InfoPlist.strings;
			sourceTree = "<group>";
		};
		DB6B314618A4337400C3EABB /* InfoPlist.strings */ = {
			isa = PBXVariantGroup;
			children = (
				DB6B314718A4337400C3EABB /* en */,
			);
			name = InfoPlist.strings;
			sourceTree = "<group>";
		};
/* End PBXVariantGroup section */

/* Begin XCBuildConfiguration section */
		DB6B314B18A4337400C3EABB /* Debug */ = {
			isa = XCBuildConfiguration;
			buildSettings = {
				ALWAYS_SEARCH_USER_PATHS = NO;
				CLANG_CXX_LANGUAGE_STANDARD = "gnu++0x";
				CLANG_CXX_LIBRARY = "libc++";
				CLANG_ENABLE_MODULES = YES;
				CLANG_ENABLE_OBJC_ARC = YES;
				CLANG_WARN_BOOL_CONVERSION = YES;
				CLANG_WARN_CONSTANT_CONVERSION = YES;
				CLANG_WARN_DIRECT_OBJC_ISA_USAGE = YES_ERROR;
				CLANG_WARN_EMPTY_BODY = YES;
				CLANG_WARN_ENUM_CONVERSION = YES;
				CLANG_WARN_INT_CONVERSION = YES;
				CLANG_WARN_OBJC_ROOT_CLASS = YES_ERROR;
				CLANG_WARN__DUPLICATE_METHOD_MATCH = YES;
				CODE_SIGN_IDENTITY = "Apple Development IOS Push Services: dtu.Arsfest";
				"CODE_SIGN_IDENTITY[sdk=iphoneos*]" = "Apple Development IOS Push Services: dtu.Arsfest";
				COPY_PHASE_STRIP = NO;
				GCC_C_LANGUAGE_STANDARD = gnu99;
				GCC_DYNAMIC_NO_PIC = NO;
				GCC_OPTIMIZATION_LEVEL = 0;
				GCC_PREPROCESSOR_DEFINITIONS = (
					"DEBUG=1",
					"$(inherited)",
				);
				GCC_SYMBOLS_PRIVATE_EXTERN = NO;
				GCC_WARN_64_TO_32_BIT_CONVERSION = YES;
				GCC_WARN_ABOUT_RETURN_TYPE = YES_ERROR;
				GCC_WARN_UNDECLARED_SELECTOR = YES;
				GCC_WARN_UNINITIALIZED_AUTOS = YES;
				GCC_WARN_UNUSED_FUNCTION = YES;
				GCC_WARN_UNUSED_VARIABLE = YES;
				IPHONEOS_DEPLOYMENT_TARGET = 7.0;
				ONLY_ACTIVE_ARCH = YES;
				SDKROOT = iphoneos;
			};
			name = Debug;
		};
		DB6B314C18A4337400C3EABB /* Release */ = {
			isa = XCBuildConfiguration;
			buildSettings = {
				ALWAYS_SEARCH_USER_PATHS = NO;
				CLANG_CXX_LANGUAGE_STANDARD = "gnu++0x";
				CLANG_CXX_LIBRARY = "libc++";
				CLANG_ENABLE_MODULES = YES;
				CLANG_ENABLE_OBJC_ARC = YES;
				CLANG_WARN_BOOL_CONVERSION = YES;
				CLANG_WARN_CONSTANT_CONVERSION = YES;
				CLANG_WARN_DIRECT_OBJC_ISA_USAGE = YES_ERROR;
				CLANG_WARN_EMPTY_BODY = YES;
				CLANG_WARN_ENUM_CONVERSION = YES;
				CLANG_WARN_INT_CONVERSION = YES;
				CLANG_WARN_OBJC_ROOT_CLASS = YES_ERROR;
				CLANG_WARN__DUPLICATE_METHOD_MATCH = YES;
				CODE_SIGN_IDENTITY = "Apple Development IOS Push Services: dtu.Arsfest";
				"CODE_SIGN_IDENTITY[sdk=iphoneos*]" = "Apple Development IOS Push Services: dtu.Arsfest";
				COPY_PHASE_STRIP = YES;
				ENABLE_NS_ASSERTIONS = NO;
				GCC_C_LANGUAGE_STANDARD = gnu99;
				GCC_WARN_64_TO_32_BIT_CONVERSION = YES;
				GCC_WARN_ABOUT_RETURN_TYPE = YES_ERROR;
				GCC_WARN_UNDECLARED_SELECTOR = YES;
				GCC_WARN_UNINITIALIZED_AUTOS = YES;
				GCC_WARN_UNUSED_FUNCTION = YES;
				GCC_WARN_UNUSED_VARIABLE = YES;
				IPHONEOS_DEPLOYMENT_TARGET = 7.0;
				SDKROOT = iphoneos;
				VALIDATE_PRODUCT = YES;
			};
			name = Release;
		};
		DB6B314E18A4337400C3EABB /* Debug */ = {
			isa = XCBuildConfiguration;
			baseConfigurationReference = 79241BB9B33948DDAE553BAF /* Pods.xcconfig */;
			buildSettings = {
				CODE_SIGN_IDENTITY = "iPhone Developer";
				"CODE_SIGN_IDENTITY[sdk=iphoneos*]" = "iPhone Developer";
				FRAMEWORK_SEARCH_PATHS = (
					"$(inherited)",
					$HOME/Documents/DTU/Mobile_Prototyping/Dev/arsfest/iOS/Arsfest,
					$HOME/Documents/FacebookSDK,
					"$HOME/Documents/Årsfest(i)/iOS/Arsfest",
					"$HOME/Documents/arsfest-last/iOS/Arsfest",
				);
				GCC_PRECOMPILE_PREFIX_HEADER = YES;
				GCC_PREFIX_HEADER = "Arsfest/Arsfest-Prefix.pch";
				INFOPLIST_FILE = "Arsfest/Arsfest-Info.plist";
				IPHONEOS_DEPLOYMENT_TARGET = 7.0;
				PRODUCT_NAME = "$(TARGET_NAME)";
				PROVISIONING_PROFILE = "";
				WRAPPER_EXTENSION = app;
			};
			name = Debug;
		};
		DB6B314F18A4337400C3EABB /* Release */ = {
			isa = XCBuildConfiguration;
			baseConfigurationReference = 79241BB9B33948DDAE553BAF /* Pods.xcconfig */;
			buildSettings = {
				CODE_SIGN_IDENTITY = "iPhone Developer";
				"CODE_SIGN_IDENTITY[sdk=iphoneos*]" = "iPhone Developer";
				FRAMEWORK_SEARCH_PATHS = (
					"$(inherited)",
					$HOME/Documents/DTU/Mobile_Prototyping/Dev/arsfest/iOS/Arsfest,
					$HOME/Documents/FacebookSDK,
					"$HOME/Documents/Årsfest(i)/iOS/Arsfest",
					"$HOME/Documents/arsfest-last/iOS/Arsfest",
				);
				GCC_PRECOMPILE_PREFIX_HEADER = YES;
				GCC_PREFIX_HEADER = "Arsfest/Arsfest-Prefix.pch";
				INFOPLIST_FILE = "Arsfest/Arsfest-Info.plist";
				IPHONEOS_DEPLOYMENT_TARGET = 7.0;
				PRODUCT_NAME = "$(TARGET_NAME)";
				PROVISIONING_PROFILE = "";
				WRAPPER_EXTENSION = app;
			};
			name = Release;
		};
		DB6B315118A4337400C3EABB /* Debug */ = {
			isa = XCBuildConfiguration;
			buildSettings = {
				BUNDLE_LOADER = "$(BUILT_PRODUCTS_DIR)/Arsfest.app/Arsfest";
				FRAMEWORK_SEARCH_PATHS = (
					"$(SDKROOT)/Developer/Library/Frameworks",
					"$(inherited)",
					"$(DEVELOPER_FRAMEWORKS_DIR)",
				);
				GCC_PRECOMPILE_PREFIX_HEADER = YES;
				GCC_PREFIX_HEADER = "Arsfest/Arsfest-Prefix.pch";
				GCC_PREPROCESSOR_DEFINITIONS = (
					"DEBUG=1",
					"$(inherited)",
				);
				INFOPLIST_FILE = "ArsfestTests/ArsfestTests-Info.plist";
				PRODUCT_NAME = "$(TARGET_NAME)";
				TEST_HOST = "$(BUNDLE_LOADER)";
				WRAPPER_EXTENSION = xctest;
			};
			name = Debug;
		};
		DB6B315218A4337400C3EABB /* Release */ = {
			isa = XCBuildConfiguration;
			buildSettings = {
				BUNDLE_LOADER = "$(BUILT_PRODUCTS_DIR)/Arsfest.app/Arsfest";
				FRAMEWORK_SEARCH_PATHS = (
					"$(SDKROOT)/Developer/Library/Frameworks",
					"$(inherited)",
					"$(DEVELOPER_FRAMEWORKS_DIR)",
				);
				GCC_PRECOMPILE_PREFIX_HEADER = YES;
				GCC_PREFIX_HEADER = "Arsfest/Arsfest-Prefix.pch";
				INFOPLIST_FILE = "ArsfestTests/ArsfestTests-Info.plist";
				PRODUCT_NAME = "$(TARGET_NAME)";
				TEST_HOST = "$(BUNDLE_LOADER)";
				WRAPPER_EXTENSION = xctest;
			};
			name = Release;
		};
/* End XCBuildConfiguration section */

/* Begin XCConfigurationList section */
		DB6B311C18A4337300C3EABB /* Build configuration list for PBXProject "Arsfest" */ = {
			isa = XCConfigurationList;
			buildConfigurations = (
				DB6B314B18A4337400C3EABB /* Debug */,
				DB6B314C18A4337400C3EABB /* Release */,
			);
			defaultConfigurationIsVisible = 0;
			defaultConfigurationName = Release;
		};
		DB6B314D18A4337400C3EABB /* Build configuration list for PBXNativeTarget "Arsfest" */ = {
			isa = XCConfigurationList;
			buildConfigurations = (
				DB6B314E18A4337400C3EABB /* Debug */,
				DB6B314F18A4337400C3EABB /* Release */,
			);
			defaultConfigurationIsVisible = 0;
			defaultConfigurationName = Release;
		};
		DB6B315018A4337400C3EABB /* Build configuration list for PBXNativeTarget "ArsfestTests" */ = {
			isa = XCConfigurationList;
			buildConfigurations = (
				DB6B315118A4337400C3EABB /* Debug */,
				DB6B315218A4337400C3EABB /* Release */,
			);
			defaultConfigurationIsVisible = 0;
			defaultConfigurationName = Release;
		};
/* End XCConfigurationList section */
	};
	rootObject = DB6B311918A4337300C3EABB /* Project object */;
}
